// !$*UTF8*$!
{
	archiveVersion = 1;
	classes = {
	};
	objectVersion = 51;
	objects = {

/* Begin PBXBuildFile section */
		130E4073F78693510CFBE6A9 /* Pods_dirpolTests.framework in Frameworks */ = {isa = PBXBuildFile; fileRef = 28E1D4D3AE7E04E1B0E24BAB /* Pods_dirpolTests.framework */; };
		3B4DD80EF661F796EB580F16 /* Pods_dirpol.framework in Frameworks */ = {isa = PBXBuildFile; fileRef = CF5EE8FABA8CCB6BFB980437 /* Pods_dirpol.framework */; };
		473873F024D7B1D10050693F /* CellStation.swift in Sources */ = {isa = PBXBuildFile; fileRef = 473873EE24D7B1D10050693F /* CellStation.swift */; };
		473873F124D7B1D10050693F /* CellStation.xib in Resources */ = {isa = PBXBuildFile; fileRef = 473873EF24D7B1D10050693F /* CellStation.xib */; };
		473881C024DA2B160077CF89 /* ImageZoomVC.swift in Sources */ = {isa = PBXBuildFile; fileRef = 473881BF24DA2B150077CF89 /* ImageZoomVC.swift */; };
		477B99AE24D7BDD800BDF97F /* PoliciesVC.swift in Sources */ = {isa = PBXBuildFile; fileRef = 477B99AD24D7BDD800BDF97F /* PoliciesVC.swift */; };
		6C3E98E5214C5746009FDF74 /* AppDelegate.swift in Sources */ = {isa = PBXBuildFile; fileRef = 6C3E98E4214C5746009FDF74 /* AppDelegate.swift */; };
		6C3E98E7214C5746009FDF74 /* ViewController.swift in Sources */ = {isa = PBXBuildFile; fileRef = 6C3E98E6214C5746009FDF74 /* ViewController.swift */; };
		6C3E98EA214C5746009FDF74 /* Main.storyboard in Resources */ = {isa = PBXBuildFile; fileRef = 6C3E98E8214C5746009FDF74 /* Main.storyboard */; };
		6C3E98EF214C5748009FDF74 /* LaunchScreen.storyboard in Resources */ = {isa = PBXBuildFile; fileRef = 6C3E98ED214C5748009FDF74 /* LaunchScreen.storyboard */; };
		6C3E98FA214C5748009FDF74 /* dirpolTests.swift in Sources */ = {isa = PBXBuildFile; fileRef = 6C3E98F9214C5748009FDF74 /* dirpolTests.swift */; };
		6C3E9905214C5748009FDF74 /* dirpolUITests.swift in Sources */ = {isa = PBXBuildFile; fileRef = 6C3E9904214C5748009FDF74 /* dirpolUITests.swift */; };
		8B06671224D355C000078BDB /* CellListMap.swift in Sources */ = {isa = PBXBuildFile; fileRef = 8B06671024D355C000078BDB /* CellListMap.swift */; };
		8B06671324D355C000078BDB /* CellListMap.xib in Resources */ = {isa = PBXBuildFile; fileRef = 8B06671124D355C000078BDB /* CellListMap.xib */; };
		8B06671624D356CF00078BDB /* CellDirectAccess.swift in Sources */ = {isa = PBXBuildFile; fileRef = 8B06671424D356CF00078BDB /* CellDirectAccess.swift */; };
		8B06671724D356CF00078BDB /* CellDirectAccess.xib in Resources */ = {isa = PBXBuildFile; fileRef = 8B06671524D356CF00078BDB /* CellDirectAccess.xib */; };
		8B088B8924C26B50005C723C /* Directory.storyboard in Resources */ = {isa = PBXBuildFile; fileRef = 8B088B8824C26B50005C723C /* Directory.storyboard */; };
		8B088B8B24C26BDC005C723C /* DirectoryVC.swift in Sources */ = {isa = PBXBuildFile; fileRef = 8B088B8A24C26BDC005C723C /* DirectoryVC.swift */; };
		8B1075EA24D2399300C50789 /* GeneralSearch.storyboard in Resources */ = {isa = PBXBuildFile; fileRef = 8B1075E924D2399300C50789 /* GeneralSearch.storyboard */; };
		8B1075EF24D23CF400C50789 /* CellGeneralSearch.swift in Sources */ = {isa = PBXBuildFile; fileRef = 8B1075ED24D23CF400C50789 /* CellGeneralSearch.swift */; };
		8B1075F024D23CF400C50789 /* CellGeneralSearch.xib in Resources */ = {isa = PBXBuildFile; fileRef = 8B1075EE24D23CF400C50789 /* CellGeneralSearch.xib */; };
		8B1075F324D23E8B00C50789 /* CellGeneralSearchDetail.swift in Sources */ = {isa = PBXBuildFile; fileRef = 8B1075F124D23E8B00C50789 /* CellGeneralSearchDetail.swift */; };
		8B1075F424D23E8B00C50789 /* CellGeneralSearchDetail.xib in Resources */ = {isa = PBXBuildFile; fileRef = 8B1075F224D23E8B00C50789 /* CellGeneralSearchDetail.xib */; };
		8B1075F724D243CB00C50789 /* GeneralSearchVC.swift in Sources */ = {isa = PBXBuildFile; fileRef = 8B1075F624D243CB00C50789 /* GeneralSearchVC.swift */; };
		8B1075F924D243DC00C50789 /* GeneralSearchDetailVC.swift in Sources */ = {isa = PBXBuildFile; fileRef = 8B1075F824D243DC00C50789 /* GeneralSearchDetailVC.swift */; };
		8B115EC724BECD2000C82CFB /* Credential.storyboard in Resources */ = {isa = PBXBuildFile; fileRef = 8B115EC624BECD2000C82CFB /* Credential.storyboard */; };
		8B19929324C36591003D788B /* AdvancedSearch.storyboard in Resources */ = {isa = PBXBuildFile; fileRef = 8B19929224C36591003D788B /* AdvancedSearch.storyboard */; };
		8B19929524C368F1003D788B /* AdvanceSearchVC.swift in Sources */ = {isa = PBXBuildFile; fileRef = 8B19929424C368F1003D788B /* AdvanceSearchVC.swift */; };
		8B19929824C36A0F003D788B /* ContactUs.storyboard in Resources */ = {isa = PBXBuildFile; fileRef = 8B19929724C36A0F003D788B /* ContactUs.storyboard */; };
		8B19929A24C36E61003D788B /* ContactUsVC.swift in Sources */ = {isa = PBXBuildFile; fileRef = 8B19929924C36E61003D788B /* ContactUsVC.swift */; };
		8B19929D24C3706A003D788B /* UserPanel.storyboard in Resources */ = {isa = PBXBuildFile; fileRef = 8B19929C24C3706A003D788B /* UserPanel.storyboard */; };
		8B19929F24C370E2003D788B /* UserPanelVC.swift in Sources */ = {isa = PBXBuildFile; fileRef = 8B19929E24C370E2003D788B /* UserPanelVC.swift */; };
		8B1992A224C3759F003D788B /* About.storyboard in Resources */ = {isa = PBXBuildFile; fileRef = 8B1992A124C3759F003D788B /* About.storyboard */; };
		8B1992A424C37671003D788B /* AboutUS.swift in Sources */ = {isa = PBXBuildFile; fileRef = 8B1992A324C37671003D788B /* AboutUS.swift */; };
		8B1992A724C3792E003D788B /* Singleton.swift in Sources */ = {isa = PBXBuildFile; fileRef = 8B1992A624C3792E003D788B /* Singleton.swift */; };
		8B1992AA24C38373003D788B /* Regions.storyboard in Resources */ = {isa = PBXBuildFile; fileRef = 8B1992A924C38373003D788B /* Regions.storyboard */; };
		8B1992AC24C383BB003D788B /* RegionsVC.swift in Sources */ = {isa = PBXBuildFile; fileRef = 8B1992AB24C383BB003D788B /* RegionsVC.swift */; };
		8B1992B424C3A399003D788B /* Montserrat-Light.ttf in Resources */ = {isa = PBXBuildFile; fileRef = 8B1992AE24C3A398003D788B /* Montserrat-Light.ttf */; };
		8B1992B524C3A399003D788B /* Montserrat-Bold.otf in Resources */ = {isa = PBXBuildFile; fileRef = 8B1992AF24C3A398003D788B /* Montserrat-Bold.otf */; };
		8B1992B624C3A399003D788B /* Montserrat-Regular.ttf in Resources */ = {isa = PBXBuildFile; fileRef = 8B1992B024C3A399003D788B /* Montserrat-Regular.ttf */; };
		8B1992B824C3A399003D788B /* Montserrat-Medium.ttf in Resources */ = {isa = PBXBuildFile; fileRef = 8B1992B224C3A399003D788B /* Montserrat-Medium.ttf */; };
		8B1992B924C3A399003D788B /* Montserrat-SemiBold.ttf in Resources */ = {isa = PBXBuildFile; fileRef = 8B1992B324C3A399003D788B /* Montserrat-SemiBold.ttf */; };
		8B409ACF24B57ED5004ED46E /* Api.swift in Sources */ = {isa = PBXBuildFile; fileRef = 8B409ACE24B57ED5004ED46E /* Api.swift */; };
		8B409AD224B58CED004ED46E /* Assets.xcassets in Resources */ = {isa = PBXBuildFile; fileRef = 6C3E98EB214C5748009FDF74 /* Assets.xcassets */; };
		8B6780DF24D31A0A00B76B2D /* CardViewController.swift in Sources */ = {isa = PBXBuildFile; fileRef = 8B6780DD24D31A0A00B76B2D /* CardViewController.swift */; };
		8B6780E024D31A0A00B76B2D /* CardViewController.xib in Resources */ = {isa = PBXBuildFile; fileRef = 8B6780DE24D31A0A00B76B2D /* CardViewController.xib */; };
		8B6780E224D31A2200B76B2D /* MapDetailVC.swift in Sources */ = {isa = PBXBuildFile; fileRef = 8B6780E124D31A2200B76B2D /* MapDetailVC.swift */; };
		8B87507624C7B8C8006244C6 /* LaunchScreen_col.storyboard in Resources */ = {isa = PBXBuildFile; fileRef = 8B87507524C7B8C8006244C6 /* LaunchScreen_col.storyboard */; };
		8B929DA524D368B500E89FF5 /* CellHeaderMap.swift in Sources */ = {isa = PBXBuildFile; fileRef = 8B929DA324D368B500E89FF5 /* CellHeaderMap.swift */; };
		8B929DA624D368B500E89FF5 /* CellHeaderMap.xib in Resources */ = {isa = PBXBuildFile; fileRef = 8B929DA424D368B500E89FF5 /* CellHeaderMap.xib */; };
		8B9AB12624C143F0005AE821 /* CredentialVC.swift in Sources */ = {isa = PBXBuildFile; fileRef = 8B9AB12524C143F0005AE821 /* CredentialVC.swift */; };
		8B9AB12824C1441E005AE821 /* RenewMembershipVC.swift in Sources */ = {isa = PBXBuildFile; fileRef = 8B9AB12724C1441E005AE821 /* RenewMembershipVC.swift */; };
		8BAC4FDA24BDF20C0008026F /* Menu.storyboard in Resources */ = {isa = PBXBuildFile; fileRef = 8BAC4FD924BDF20C0008026F /* Menu.storyboard */; };
		8BAC4FE024BDFE1C0008026F /* SWRevealViewController.m in Sources */ = {isa = PBXBuildFile; fileRef = 8BAC4FDF24BDFE1C0008026F /* SWRevealViewController.m */; };
		8BAC4FE224BE00BA0008026F /* MenuLeftVC.swift in Sources */ = {isa = PBXBuildFile; fileRef = 8BAC4FE124BE00BA0008026F /* MenuLeftVC.swift */; };
		8BAC4FE424BE01610008026F /* MenuCell.swift in Sources */ = {isa = PBXBuildFile; fileRef = 8BAC4FE324BE01610008026F /* MenuCell.swift */; };
		8BAC4FE824BE01C30008026F /* HomeVC.swift in Sources */ = {isa = PBXBuildFile; fileRef = 8BAC4FE724BE01C30008026F /* HomeVC.swift */; };
		9686D12014803BDECA83C651 /* Pods_dirpol_dirpolUITests.framework in Frameworks */ = {isa = PBXBuildFile; fileRef = F49AA2044C48DF46A3EC544A /* Pods_dirpol_dirpolUITests.framework */; };
		FA43C655215C2C9700495E32 /* Servicios.swift in Sources */ = {isa = PBXBuildFile; fileRef = FA43C654215C2C9600495E32 /* Servicios.swift */; };
		FA43C658215CA0B400495E32 /* DetalleBAvanzadaVC.swift in Sources */ = {isa = PBXBuildFile; fileRef = FA43C657215CA0B400495E32 /* DetalleBAvanzadaVC.swift */; };
		FA9850C02151D162002F143D /* Contacto.storyboard in Resources */ = {isa = PBXBuildFile; fileRef = FA9850BF2151D162002F143D /* Contacto.storyboard */; };
		FA9850C22151D3FD002F143D /* AltoMandoPolicialVC.swift in Sources */ = {isa = PBXBuildFile; fileRef = FA9850C12151D3FD002F143D /* AltoMandoPolicialVC.swift */; };
		FA9850C421521AF7002F143D /* BusquedaAvanzadaVC.swift in Sources */ = {isa = PBXBuildFile; fileRef = FA9850C321521AF7002F143D /* BusquedaAvanzadaVC.swift */; };
		FA9850C621521EE2002F143D /* PanelUsuarioVC.swift in Sources */ = {isa = PBXBuildFile; fileRef = FA9850C521521EE2002F143D /* PanelUsuarioVC.swift */; };
		FA9850C821529F8B002F143D /* DetalleBusquedaVC.swift in Sources */ = {isa = PBXBuildFile; fileRef = FA9850C721529F8B002F143D /* DetalleBusquedaVC.swift */; };
		FA9850CB2152D50C002F143D /* ViewRegionesMapa.swift in Sources */ = {isa = PBXBuildFile; fileRef = FA9850CA2152D50C002F143D /* ViewRegionesMapa.swift */; };
		FA9850CE215347B9002F143D /* ViewBusquedaUno.swift in Sources */ = {isa = PBXBuildFile; fileRef = FA9850CD215347B9002F143D /* ViewBusquedaUno.swift */; };
		FA9850D02153486D002F143D /* ViewDirectorio.swift in Sources */ = {isa = PBXBuildFile; fileRef = FA9850CF2153486D002F143D /* ViewDirectorio.swift */; };
		FA9850D22153F1AE002F143D /* ViewProvInstitucion.swift in Sources */ = {isa = PBXBuildFile; fileRef = FA9850D12153F1AE002F143D /* ViewProvInstitucion.swift */; };
		FA9850D4215565EC002F143D /* ModeloServicios.swift in Sources */ = {isa = PBXBuildFile; fileRef = FA9850D3215565EC002F143D /* ModeloServicios.swift */; };
		FA9CD34D215739290032174B /* ViewMarcker.xib in Resources */ = {isa = PBXBuildFile; fileRef = FA9CD34C215739290032174B /* ViewMarcker.xib */; };
		FA9CD34F21573B340032174B /* ViewMarcker.swift in Sources */ = {isa = PBXBuildFile; fileRef = FA9CD34E21573B340032174B /* ViewMarcker.swift */; };
		FA9CD3532159EBB60032174B /* Util.swift in Sources */ = {isa = PBXBuildFile; fileRef = FA9CD3522159EBB60032174B /* Util.swift */; };
		FA9CD355215B40420032174B /* ViewBusquedaDos.swift in Sources */ = {isa = PBXBuildFile; fileRef = FA9CD354215B40420032174B /* ViewBusquedaDos.swift */; };
		FAC2C025215032FE00A74FA3 /* Extenciones.swift in Sources */ = {isa = PBXBuildFile; fileRef = FAC2C024215032FE00A74FA3 /* Extenciones.swift */; };
		FAC2C0272150333100A74FA3 /* Tema.swift in Sources */ = {isa = PBXBuildFile; fileRef = FAC2C0262150333000A74FA3 /* Tema.swift */; };
		FAC2C02B2150572800A74FA3 /* Constantes.swift in Sources */ = {isa = PBXBuildFile; fileRef = FAC2C02A2150572800A74FA3 /* Constantes.swift */; };
		FAC2C02D2150573200A74FA3 /* Variables.swift in Sources */ = {isa = PBXBuildFile; fileRef = FAC2C02C2150573200A74FA3 /* Variables.swift */; };
		FAC2C02F2150574400A74FA3 /* Metodos.swift in Sources */ = {isa = PBXBuildFile; fileRef = FAC2C02E2150574300A74FA3 /* Metodos.swift */; };
		FAC2C0342150822B00A74FA3 /* RecuperarVC.swift in Sources */ = {isa = PBXBuildFile; fileRef = FAC2C0332150822B00A74FA3 /* RecuperarVC.swift */; };
		FAC2C0362150828300A74FA3 /* IniciarSesionVC.swift in Sources */ = {isa = PBXBuildFile; fileRef = FAC2C0352150828300A74FA3 /* IniciarSesionVC.swift */; };
		FAC2C0382150C04900A74FA3 /* Buscar.storyboard in Resources */ = {isa = PBXBuildFile; fileRef = FAC2C0372150C04900A74FA3 /* Buscar.storyboard */; };
		FAC2C03B2150C18700A74FA3 /* ContactoVC.swift in Sources */ = {isa = PBXBuildFile; fileRef = FAC2C03A2150C18700A74FA3 /* ContactoVC.swift */; };
		FAC2C03D2150C4E400A74FA3 /* ListadoTemaVC.swift in Sources */ = {isa = PBXBuildFile; fileRef = FAC2C03C2150C4E400A74FA3 /* ListadoTemaVC.swift */; };
		FAC2C03F21514E8500A74FA3 /* MenuVC.swift in Sources */ = {isa = PBXBuildFile; fileRef = FAC2C03E21514E8500A74FA3 /* MenuVC.swift */; };
		FAC2C04221517CFD00A74FA3 /* Textos.swift in Sources */ = {isa = PBXBuildFile; fileRef = FAC2C04121517CFC00A74FA3 /* Textos.swift */; };
		FAC2C0502151810A00A74FA3 /* Localizable.strings in Resources */ = {isa = PBXBuildFile; fileRef = FAC2C04E2151810A00A74FA3 /* Localizable.strings */; };
		FAC2C0532151825E00A74FA3 /* InicioVC.swift in Sources */ = {isa = PBXBuildFile; fileRef = FAC2C0522151825E00A74FA3 /* InicioVC.swift */; };
		FAC2C0562151A6DD00A74FA3 /* CollMenu.swift in Sources */ = {isa = PBXBuildFile; fileRef = FAC2C0542151A6DC00A74FA3 /* CollMenu.swift */; };
		FAC2C0572151A6DD00A74FA3 /* CellMenu.swift in Sources */ = {isa = PBXBuildFile; fileRef = FAC2C0552151A6DD00A74FA3 /* CellMenu.swift */; };
		FAC2C05A2151BF6700A74FA3 /* AcercaDeVC.swift in Sources */ = {isa = PBXBuildFile; fileRef = FAC2C0592151BF6700A74FA3 /* AcercaDeVC.swift */; };
/* End PBXBuildFile section */

/* Begin PBXContainerItemProxy section */
		6C3E98F6214C5748009FDF74 /* PBXContainerItemProxy */ = {
			isa = PBXContainerItemProxy;
			containerPortal = 6C3E98D9214C5746009FDF74 /* Project object */;
			proxyType = 1;
			remoteGlobalIDString = 6C3E98E0214C5746009FDF74;
			remoteInfo = dirpol;
		};
		6C3E9901214C5748009FDF74 /* PBXContainerItemProxy */ = {
			isa = PBXContainerItemProxy;
			containerPortal = 6C3E98D9214C5746009FDF74 /* Project object */;
			proxyType = 1;
			remoteGlobalIDString = 6C3E98E0214C5746009FDF74;
			remoteInfo = dirpol;
		};
/* End PBXContainerItemProxy section */

/* Begin PBXFileReference section */
		1AD19130C1473930038223BB /* Pods-dirpol.colombia.xcconfig */ = {isa = PBXFileReference; includeInIndex = 1; lastKnownFileType = text.xcconfig; name = "Pods-dirpol.colombia.xcconfig"; path = "Target Support Files/Pods-dirpol/Pods-dirpol.colombia.xcconfig"; sourceTree = "<group>"; };
		1DBF1A2BA33935663A6946B0 /* Pods-dirpolTests.peru.xcconfig */ = {isa = PBXFileReference; includeInIndex = 1; lastKnownFileType = text.xcconfig; name = "Pods-dirpolTests.peru.xcconfig"; path = "Target Support Files/Pods-dirpolTests/Pods-dirpolTests.peru.xcconfig"; sourceTree = "<group>"; };
		1FBA1CB55586885CF192B0A3 /* Pods-dirpol-dirpolUITests.mexico.xcconfig */ = {isa = PBXFileReference; includeInIndex = 1; lastKnownFileType = text.xcconfig; name = "Pods-dirpol-dirpolUITests.mexico.xcconfig"; path = "Target Support Files/Pods-dirpol-dirpolUITests/Pods-dirpol-dirpolUITests.mexico.xcconfig"; sourceTree = "<group>"; };
		28E1D4D3AE7E04E1B0E24BAB /* Pods_dirpolTests.framework */ = {isa = PBXFileReference; explicitFileType = wrapper.framework; includeInIndex = 0; path = Pods_dirpolTests.framework; sourceTree = BUILT_PRODUCTS_DIR; };
		473873EE24D7B1D10050693F /* CellStation.swift */ = {isa = PBXFileReference; lastKnownFileType = sourcecode.swift; path = CellStation.swift; sourceTree = "<group>"; };
		473873EF24D7B1D10050693F /* CellStation.xib */ = {isa = PBXFileReference; lastKnownFileType = file.xib; path = CellStation.xib; sourceTree = "<group>"; };
		473881BF24DA2B150077CF89 /* ImageZoomVC.swift */ = {isa = PBXFileReference; fileEncoding = 4; lastKnownFileType = sourcecode.swift; path = ImageZoomVC.swift; sourceTree = "<group>"; };
		477B99AD24D7BDD800BDF97F /* PoliciesVC.swift */ = {isa = PBXFileReference; lastKnownFileType = sourcecode.swift; path = PoliciesVC.swift; sourceTree = "<group>"; };
		6C3E98E1214C5746009FDF74 /* DIRPOL.app */ = {isa = PBXFileReference; explicitFileType = wrapper.application; includeInIndex = 0; path = DIRPOL.app; sourceTree = BUILT_PRODUCTS_DIR; };
		6C3E98E4214C5746009FDF74 /* AppDelegate.swift */ = {isa = PBXFileReference; lastKnownFileType = sourcecode.swift; path = AppDelegate.swift; sourceTree = "<group>"; };
		6C3E98E6214C5746009FDF74 /* ViewController.swift */ = {isa = PBXFileReference; lastKnownFileType = sourcecode.swift; path = ViewController.swift; sourceTree = "<group>"; };
		6C3E98E9214C5746009FDF74 /* Base */ = {isa = PBXFileReference; lastKnownFileType = file.storyboard; name = Base; path = Base.lproj/Main.storyboard; sourceTree = "<group>"; };
		6C3E98EB214C5748009FDF74 /* Assets.xcassets */ = {isa = PBXFileReference; lastKnownFileType = folder.assetcatalog; path = Assets.xcassets; sourceTree = "<group>"; };
		6C3E98EE214C5748009FDF74 /* Base */ = {isa = PBXFileReference; lastKnownFileType = file.storyboard; name = Base; path = Base.lproj/LaunchScreen.storyboard; sourceTree = "<group>"; };
		6C3E98F0214C5748009FDF74 /* Info.plist */ = {isa = PBXFileReference; lastKnownFileType = text.plist.xml; path = Info.plist; sourceTree = "<group>"; };
		6C3E98F5214C5748009FDF74 /* dirpolTests.xctest */ = {isa = PBXFileReference; explicitFileType = wrapper.cfbundle; includeInIndex = 0; path = dirpolTests.xctest; sourceTree = BUILT_PRODUCTS_DIR; };
		6C3E98F9214C5748009FDF74 /* dirpolTests.swift */ = {isa = PBXFileReference; lastKnownFileType = sourcecode.swift; path = dirpolTests.swift; sourceTree = "<group>"; };
		6C3E98FB214C5748009FDF74 /* Info.plist */ = {isa = PBXFileReference; lastKnownFileType = text.plist.xml; path = Info.plist; sourceTree = "<group>"; };
		6C3E9900214C5748009FDF74 /* dirpolUITests.xctest */ = {isa = PBXFileReference; explicitFileType = wrapper.cfbundle; includeInIndex = 0; path = dirpolUITests.xctest; sourceTree = BUILT_PRODUCTS_DIR; };
		6C3E9904214C5748009FDF74 /* dirpolUITests.swift */ = {isa = PBXFileReference; lastKnownFileType = sourcecode.swift; path = dirpolUITests.swift; sourceTree = "<group>"; };
		6C3E9906214C5748009FDF74 /* Info.plist */ = {isa = PBXFileReference; lastKnownFileType = text.plist.xml; path = Info.plist; sourceTree = "<group>"; };
		8B06671024D355C000078BDB /* CellListMap.swift */ = {isa = PBXFileReference; lastKnownFileType = sourcecode.swift; path = CellListMap.swift; sourceTree = "<group>"; };
		8B06671124D355C000078BDB /* CellListMap.xib */ = {isa = PBXFileReference; lastKnownFileType = file.xib; path = CellListMap.xib; sourceTree = "<group>"; };
		8B06671424D356CF00078BDB /* CellDirectAccess.swift */ = {isa = PBXFileReference; lastKnownFileType = sourcecode.swift; path = CellDirectAccess.swift; sourceTree = "<group>"; };
		8B06671524D356CF00078BDB /* CellDirectAccess.xib */ = {isa = PBXFileReference; lastKnownFileType = file.xib; path = CellDirectAccess.xib; sourceTree = "<group>"; };
		8B088B8824C26B50005C723C /* Directory.storyboard */ = {isa = PBXFileReference; lastKnownFileType = file.storyboard; path = Directory.storyboard; sourceTree = "<group>"; };
		8B088B8A24C26BDC005C723C /* DirectoryVC.swift */ = {isa = PBXFileReference; lastKnownFileType = sourcecode.swift; path = DirectoryVC.swift; sourceTree = "<group>"; };
		8B1075E924D2399300C50789 /* GeneralSearch.storyboard */ = {isa = PBXFileReference; lastKnownFileType = file.storyboard; path = GeneralSearch.storyboard; sourceTree = "<group>"; };
		8B1075ED24D23CF400C50789 /* CellGeneralSearch.swift */ = {isa = PBXFileReference; lastKnownFileType = sourcecode.swift; path = CellGeneralSearch.swift; sourceTree = "<group>"; };
		8B1075EE24D23CF400C50789 /* CellGeneralSearch.xib */ = {isa = PBXFileReference; lastKnownFileType = file.xib; path = CellGeneralSearch.xib; sourceTree = "<group>"; };
		8B1075F124D23E8B00C50789 /* CellGeneralSearchDetail.swift */ = {isa = PBXFileReference; lastKnownFileType = sourcecode.swift; path = CellGeneralSearchDetail.swift; sourceTree = "<group>"; };
		8B1075F224D23E8B00C50789 /* CellGeneralSearchDetail.xib */ = {isa = PBXFileReference; lastKnownFileType = file.xib; path = CellGeneralSearchDetail.xib; sourceTree = "<group>"; };
		8B1075F624D243CB00C50789 /* GeneralSearchVC.swift */ = {isa = PBXFileReference; lastKnownFileType = sourcecode.swift; path = GeneralSearchVC.swift; sourceTree = "<group>"; };
		8B1075F824D243DC00C50789 /* GeneralSearchDetailVC.swift */ = {isa = PBXFileReference; lastKnownFileType = sourcecode.swift; path = GeneralSearchDetailVC.swift; sourceTree = "<group>"; };
		8B115EC624BECD2000C82CFB /* Credential.storyboard */ = {isa = PBXFileReference; lastKnownFileType = file.storyboard; path = Credential.storyboard; sourceTree = "<group>"; };
		8B19929224C36591003D788B /* AdvancedSearch.storyboard */ = {isa = PBXFileReference; lastKnownFileType = file.storyboard; path = AdvancedSearch.storyboard; sourceTree = "<group>"; };
		8B19929424C368F1003D788B /* AdvanceSearchVC.swift */ = {isa = PBXFileReference; lastKnownFileType = sourcecode.swift; path = AdvanceSearchVC.swift; sourceTree = "<group>"; };
		8B19929724C36A0F003D788B /* ContactUs.storyboard */ = {isa = PBXFileReference; lastKnownFileType = file.storyboard; path = ContactUs.storyboard; sourceTree = "<group>"; };
		8B19929924C36E61003D788B /* ContactUsVC.swift */ = {isa = PBXFileReference; lastKnownFileType = sourcecode.swift; path = ContactUsVC.swift; sourceTree = "<group>"; };
		8B19929C24C3706A003D788B /* UserPanel.storyboard */ = {isa = PBXFileReference; lastKnownFileType = file.storyboard; path = UserPanel.storyboard; sourceTree = "<group>"; };
		8B19929E24C370E2003D788B /* UserPanelVC.swift */ = {isa = PBXFileReference; lastKnownFileType = sourcecode.swift; path = UserPanelVC.swift; sourceTree = "<group>"; };
		8B1992A124C3759F003D788B /* About.storyboard */ = {isa = PBXFileReference; lastKnownFileType = file.storyboard; path = About.storyboard; sourceTree = "<group>"; };
		8B1992A324C37671003D788B /* AboutUS.swift */ = {isa = PBXFileReference; lastKnownFileType = sourcecode.swift; path = AboutUS.swift; sourceTree = "<group>"; };
		8B1992A624C3792E003D788B /* Singleton.swift */ = {isa = PBXFileReference; lastKnownFileType = sourcecode.swift; path = Singleton.swift; sourceTree = "<group>"; };
		8B1992A924C38373003D788B /* Regions.storyboard */ = {isa = PBXFileReference; lastKnownFileType = file.storyboard; path = Regions.storyboard; sourceTree = "<group>"; };
		8B1992AB24C383BB003D788B /* RegionsVC.swift */ = {isa = PBXFileReference; lastKnownFileType = sourcecode.swift; path = RegionsVC.swift; sourceTree = "<group>"; };
		8B1992AE24C3A398003D788B /* Montserrat-Light.ttf */ = {isa = PBXFileReference; lastKnownFileType = file; path = "Montserrat-Light.ttf"; sourceTree = "<group>"; };
		8B1992AF24C3A398003D788B /* Montserrat-Bold.otf */ = {isa = PBXFileReference; lastKnownFileType = file; path = "Montserrat-Bold.otf"; sourceTree = "<group>"; };
		8B1992B024C3A399003D788B /* Montserrat-Regular.ttf */ = {isa = PBXFileReference; lastKnownFileType = file; path = "Montserrat-Regular.ttf"; sourceTree = "<group>"; };
		8B1992B224C3A399003D788B /* Montserrat-Medium.ttf */ = {isa = PBXFileReference; lastKnownFileType = file; path = "Montserrat-Medium.ttf"; sourceTree = "<group>"; };
		8B1992B324C3A399003D788B /* Montserrat-SemiBold.ttf */ = {isa = PBXFileReference; lastKnownFileType = file; path = "Montserrat-SemiBold.ttf"; sourceTree = "<group>"; };
		8B409ACB24B57E11004ED46E /* ConfigPeru.xcconfig */ = {isa = PBXFileReference; lastKnownFileType = text.xcconfig; path = ConfigPeru.xcconfig; sourceTree = "<group>"; };
		8B409ACC24B57E26004ED46E /* ConfigColombia.xcconfig */ = {isa = PBXFileReference; lastKnownFileType = text.xcconfig; path = ConfigColombia.xcconfig; sourceTree = "<group>"; };
		8B409ACD24B57E33004ED46E /* ConfigMexico.xcconfig */ = {isa = PBXFileReference; lastKnownFileType = text.xcconfig; path = ConfigMexico.xcconfig; sourceTree = "<group>"; };
		8B409ACE24B57ED5004ED46E /* Api.swift */ = {isa = PBXFileReference; lastKnownFileType = sourcecode.swift; path = Api.swift; sourceTree = "<group>"; };
		8B6780DD24D31A0A00B76B2D /* CardViewController.swift */ = {isa = PBXFileReference; fileEncoding = 4; lastKnownFileType = sourcecode.swift; path = CardViewController.swift; sourceTree = "<group>"; };
		8B6780DE24D31A0A00B76B2D /* CardViewController.xib */ = {isa = PBXFileReference; fileEncoding = 4; lastKnownFileType = file.xib; path = CardViewController.xib; sourceTree = "<group>"; };
		8B6780E124D31A2200B76B2D /* MapDetailVC.swift */ = {isa = PBXFileReference; fileEncoding = 4; lastKnownFileType = sourcecode.swift; path = MapDetailVC.swift; sourceTree = "<group>"; };
		8B87507524C7B8C8006244C6 /* LaunchScreen_col.storyboard */ = {isa = PBXFileReference; lastKnownFileType = file.storyboard; path = LaunchScreen_col.storyboard; sourceTree = "<group>"; };
		8B929DA324D368B500E89FF5 /* CellHeaderMap.swift */ = {isa = PBXFileReference; lastKnownFileType = sourcecode.swift; path = CellHeaderMap.swift; sourceTree = "<group>"; };
		8B929DA424D368B500E89FF5 /* CellHeaderMap.xib */ = {isa = PBXFileReference; lastKnownFileType = file.xib; path = CellHeaderMap.xib; sourceTree = "<group>"; };
		8B9AB12524C143F0005AE821 /* CredentialVC.swift */ = {isa = PBXFileReference; lastKnownFileType = sourcecode.swift; path = CredentialVC.swift; sourceTree = "<group>"; };
		8B9AB12724C1441E005AE821 /* RenewMembershipVC.swift */ = {isa = PBXFileReference; lastKnownFileType = sourcecode.swift; path = RenewMembershipVC.swift; sourceTree = "<group>"; };
		8BAC4FD924BDF20C0008026F /* Menu.storyboard */ = {isa = PBXFileReference; lastKnownFileType = file.storyboard; path = Menu.storyboard; sourceTree = "<group>"; };
		8BAC4FDD24BDFE1B0008026F /* dirpol-Bridging-Header.h */ = {isa = PBXFileReference; lastKnownFileType = sourcecode.c.h; path = "dirpol-Bridging-Header.h"; sourceTree = "<group>"; };
		8BAC4FDE24BDFE1C0008026F /* SWRevealViewController.h */ = {isa = PBXFileReference; fileEncoding = 4; lastKnownFileType = sourcecode.c.h; path = SWRevealViewController.h; sourceTree = "<group>"; };
		8BAC4FDF24BDFE1C0008026F /* SWRevealViewController.m */ = {isa = PBXFileReference; fileEncoding = 4; lastKnownFileType = sourcecode.c.objc; path = SWRevealViewController.m; sourceTree = "<group>"; };
		8BAC4FE124BE00BA0008026F /* MenuLeftVC.swift */ = {isa = PBXFileReference; fileEncoding = 4; lastKnownFileType = sourcecode.swift; path = MenuLeftVC.swift; sourceTree = "<group>"; };
		8BAC4FE324BE01610008026F /* MenuCell.swift */ = {isa = PBXFileReference; fileEncoding = 4; lastKnownFileType = sourcecode.swift; path = MenuCell.swift; sourceTree = "<group>"; };
		8BAC4FE724BE01C30008026F /* HomeVC.swift */ = {isa = PBXFileReference; lastKnownFileType = sourcecode.swift; path = HomeVC.swift; sourceTree = "<group>"; };
		90B03790D0990D7E4219AB21 /* Pods-dirpol.mexico.xcconfig */ = {isa = PBXFileReference; includeInIndex = 1; lastKnownFileType = text.xcconfig; name = "Pods-dirpol.mexico.xcconfig"; path = "Target Support Files/Pods-dirpol/Pods-dirpol.mexico.xcconfig"; sourceTree = "<group>"; };
		9BDB73251C6243509590301A /* Pods-dirpol-dirpolUITests.peru.xcconfig */ = {isa = PBXFileReference; includeInIndex = 1; lastKnownFileType = text.xcconfig; name = "Pods-dirpol-dirpolUITests.peru.xcconfig"; path = "Target Support Files/Pods-dirpol-dirpolUITests/Pods-dirpol-dirpolUITests.peru.xcconfig"; sourceTree = "<group>"; };
		B07D7F5F9B59EC8EE5077742 /* Pods-dirpolTests.mexico.xcconfig */ = {isa = PBXFileReference; includeInIndex = 1; lastKnownFileType = text.xcconfig; name = "Pods-dirpolTests.mexico.xcconfig"; path = "Target Support Files/Pods-dirpolTests/Pods-dirpolTests.mexico.xcconfig"; sourceTree = "<group>"; };
		CB731EA2087CD5BCCD6C80F2 /* Pods-dirpol.peru.xcconfig */ = {isa = PBXFileReference; includeInIndex = 1; lastKnownFileType = text.xcconfig; name = "Pods-dirpol.peru.xcconfig"; path = "Target Support Files/Pods-dirpol/Pods-dirpol.peru.xcconfig"; sourceTree = "<group>"; };
		CF5A5138F4AA5FEE0024E96A /* Pods-dirpol-dirpolUITests.colombia.xcconfig */ = {isa = PBXFileReference; includeInIndex = 1; lastKnownFileType = text.xcconfig; name = "Pods-dirpol-dirpolUITests.colombia.xcconfig"; path = "Target Support Files/Pods-dirpol-dirpolUITests/Pods-dirpol-dirpolUITests.colombia.xcconfig"; sourceTree = "<group>"; };
		CF5EE8FABA8CCB6BFB980437 /* Pods_dirpol.framework */ = {isa = PBXFileReference; explicitFileType = wrapper.framework; includeInIndex = 0; path = Pods_dirpol.framework; sourceTree = BUILT_PRODUCTS_DIR; };
		F49AA2044C48DF46A3EC544A /* Pods_dirpol_dirpolUITests.framework */ = {isa = PBXFileReference; explicitFileType = wrapper.framework; includeInIndex = 0; path = Pods_dirpol_dirpolUITests.framework; sourceTree = BUILT_PRODUCTS_DIR; };
		FA43C654215C2C9600495E32 /* Servicios.swift */ = {isa = PBXFileReference; fileEncoding = 4; lastKnownFileType = sourcecode.swift; path = Servicios.swift; sourceTree = "<group>"; };
		FA43C657215CA0B400495E32 /* DetalleBAvanzadaVC.swift */ = {isa = PBXFileReference; lastKnownFileType = sourcecode.swift; path = DetalleBAvanzadaVC.swift; sourceTree = "<group>"; };
		FA65284E9D4A4E7DADA8CE51 /* Pods-dirpolTests.colombia.xcconfig */ = {isa = PBXFileReference; includeInIndex = 1; lastKnownFileType = text.xcconfig; name = "Pods-dirpolTests.colombia.xcconfig"; path = "Target Support Files/Pods-dirpolTests/Pods-dirpolTests.colombia.xcconfig"; sourceTree = "<group>"; };
		FA9850BF2151D162002F143D /* Contacto.storyboard */ = {isa = PBXFileReference; lastKnownFileType = file.storyboard; path = Contacto.storyboard; sourceTree = "<group>"; };
		FA9850C12151D3FD002F143D /* AltoMandoPolicialVC.swift */ = {isa = PBXFileReference; lastKnownFileType = sourcecode.swift; path = AltoMandoPolicialVC.swift; sourceTree = "<group>"; };
		FA9850C321521AF7002F143D /* BusquedaAvanzadaVC.swift */ = {isa = PBXFileReference; lastKnownFileType = sourcecode.swift; path = BusquedaAvanzadaVC.swift; sourceTree = "<group>"; };
		FA9850C521521EE2002F143D /* PanelUsuarioVC.swift */ = {isa = PBXFileReference; lastKnownFileType = sourcecode.swift; path = PanelUsuarioVC.swift; sourceTree = "<group>"; };
		FA9850C721529F8B002F143D /* DetalleBusquedaVC.swift */ = {isa = PBXFileReference; lastKnownFileType = sourcecode.swift; path = DetalleBusquedaVC.swift; sourceTree = "<group>"; };
		FA9850CA2152D50C002F143D /* ViewRegionesMapa.swift */ = {isa = PBXFileReference; lastKnownFileType = sourcecode.swift; path = ViewRegionesMapa.swift; sourceTree = "<group>"; };
		FA9850CD215347B9002F143D /* ViewBusquedaUno.swift */ = {isa = PBXFileReference; lastKnownFileType = sourcecode.swift; name = ViewBusquedaUno.swift; path = "../New Group1/ViewBusquedaUno.swift"; sourceTree = "<group>"; };
		FA9850CF2153486D002F143D /* ViewDirectorio.swift */ = {isa = PBXFileReference; lastKnownFileType = sourcecode.swift; path = ViewDirectorio.swift; sourceTree = "<group>"; };
		FA9850D12153F1AE002F143D /* ViewProvInstitucion.swift */ = {isa = PBXFileReference; lastKnownFileType = sourcecode.swift; path = ViewProvInstitucion.swift; sourceTree = "<group>"; };
		FA9850D3215565EC002F143D /* ModeloServicios.swift */ = {isa = PBXFileReference; lastKnownFileType = sourcecode.swift; path = ModeloServicios.swift; sourceTree = "<group>"; };
		FA9CD34C215739290032174B /* ViewMarcker.xib */ = {isa = PBXFileReference; lastKnownFileType = file.xib; path = ViewMarcker.xib; sourceTree = "<group>"; };
		FA9CD34E21573B340032174B /* ViewMarcker.swift */ = {isa = PBXFileReference; lastKnownFileType = sourcecode.swift; path = ViewMarcker.swift; sourceTree = "<group>"; };
		FA9CD3522159EBB60032174B /* Util.swift */ = {isa = PBXFileReference; fileEncoding = 4; lastKnownFileType = sourcecode.swift; path = Util.swift; sourceTree = "<group>"; };
		FA9CD354215B40420032174B /* ViewBusquedaDos.swift */ = {isa = PBXFileReference; lastKnownFileType = sourcecode.swift; path = ViewBusquedaDos.swift; sourceTree = "<group>"; };
		FAC2C024215032FE00A74FA3 /* Extenciones.swift */ = {isa = PBXFileReference; fileEncoding = 4; lastKnownFileType = sourcecode.swift; path = Extenciones.swift; sourceTree = "<group>"; };
		FAC2C0262150333000A74FA3 /* Tema.swift */ = {isa = PBXFileReference; fileEncoding = 4; lastKnownFileType = sourcecode.swift; path = Tema.swift; sourceTree = "<group>"; };
		FAC2C02A2150572800A74FA3 /* Constantes.swift */ = {isa = PBXFileReference; fileEncoding = 4; lastKnownFileType = sourcecode.swift; path = Constantes.swift; sourceTree = "<group>"; };
		FAC2C02C2150573200A74FA3 /* Variables.swift */ = {isa = PBXFileReference; fileEncoding = 4; lastKnownFileType = sourcecode.swift; path = Variables.swift; sourceTree = "<group>"; };
		FAC2C02E2150574300A74FA3 /* Metodos.swift */ = {isa = PBXFileReference; fileEncoding = 4; lastKnownFileType = sourcecode.swift; path = Metodos.swift; sourceTree = "<group>"; };
		FAC2C0332150822B00A74FA3 /* RecuperarVC.swift */ = {isa = PBXFileReference; lastKnownFileType = sourcecode.swift; path = RecuperarVC.swift; sourceTree = "<group>"; };
		FAC2C0352150828300A74FA3 /* IniciarSesionVC.swift */ = {isa = PBXFileReference; lastKnownFileType = sourcecode.swift; path = IniciarSesionVC.swift; sourceTree = "<group>"; };
		FAC2C0372150C04900A74FA3 /* Buscar.storyboard */ = {isa = PBXFileReference; lastKnownFileType = file.storyboard; path = Buscar.storyboard; sourceTree = "<group>"; };
		FAC2C03A2150C18700A74FA3 /* ContactoVC.swift */ = {isa = PBXFileReference; lastKnownFileType = sourcecode.swift; path = ContactoVC.swift; sourceTree = "<group>"; };
		FAC2C03C2150C4E400A74FA3 /* ListadoTemaVC.swift */ = {isa = PBXFileReference; lastKnownFileType = sourcecode.swift; path = ListadoTemaVC.swift; sourceTree = "<group>"; };
		FAC2C03E21514E8500A74FA3 /* MenuVC.swift */ = {isa = PBXFileReference; lastKnownFileType = sourcecode.swift; path = MenuVC.swift; sourceTree = "<group>"; };
		FAC2C04121517CFC00A74FA3 /* Textos.swift */ = {isa = PBXFileReference; fileEncoding = 4; lastKnownFileType = sourcecode.swift; path = Textos.swift; sourceTree = "<group>"; };
		FAC2C04C215180AD00A74FA3 /* es-419 */ = {isa = PBXFileReference; lastKnownFileType = text.plist.strings; name = "es-419"; path = "es-419.lproj/Main.strings"; sourceTree = "<group>"; };
		FAC2C04D215180AD00A74FA3 /* es-419 */ = {isa = PBXFileReference; lastKnownFileType = text.plist.strings; name = "es-419"; path = "es-419.lproj/LaunchScreen.strings"; sourceTree = "<group>"; };
		FAC2C04F2151810A00A74FA3 /* Base */ = {isa = PBXFileReference; lastKnownFileType = text.plist.strings; name = Base; path = Base.lproj/Localizable.strings; sourceTree = "<group>"; };
		FAC2C0522151825E00A74FA3 /* InicioVC.swift */ = {isa = PBXFileReference; lastKnownFileType = sourcecode.swift; path = InicioVC.swift; sourceTree = "<group>"; };
		FAC2C0542151A6DC00A74FA3 /* CollMenu.swift */ = {isa = PBXFileReference; fileEncoding = 4; lastKnownFileType = sourcecode.swift; path = CollMenu.swift; sourceTree = "<group>"; };
		FAC2C0552151A6DD00A74FA3 /* CellMenu.swift */ = {isa = PBXFileReference; fileEncoding = 4; lastKnownFileType = sourcecode.swift; path = CellMenu.swift; sourceTree = "<group>"; };
		FAC2C0592151BF6700A74FA3 /* AcercaDeVC.swift */ = {isa = PBXFileReference; lastKnownFileType = sourcecode.swift; path = AcercaDeVC.swift; sourceTree = "<group>"; };
/* End PBXFileReference section */

/* Begin PBXFrameworksBuildPhase section */
		6C3E98DE214C5746009FDF74 /* Frameworks */ = {
			isa = PBXFrameworksBuildPhase;
			buildActionMask = 2147483647;
			files = (
				3B4DD80EF661F796EB580F16 /* Pods_dirpol.framework in Frameworks */,
			);
			runOnlyForDeploymentPostprocessing = 0;
		};
		6C3E98F2214C5748009FDF74 /* Frameworks */ = {
			isa = PBXFrameworksBuildPhase;
			buildActionMask = 2147483647;
			files = (
				130E4073F78693510CFBE6A9 /* Pods_dirpolTests.framework in Frameworks */,
			);
			runOnlyForDeploymentPostprocessing = 0;
		};
		6C3E98FD214C5748009FDF74 /* Frameworks */ = {
			isa = PBXFrameworksBuildPhase;
			buildActionMask = 2147483647;
			files = (
				9686D12014803BDECA83C651 /* Pods_dirpol_dirpolUITests.framework in Frameworks */,
			);
			runOnlyForDeploymentPostprocessing = 0;
		};
/* End PBXFrameworksBuildPhase section */

/* Begin PBXGroup section */
		431E9EB1A92B590AB35A163F /* Frameworks */ = {
			isa = PBXGroup;
			children = (
				CF5EE8FABA8CCB6BFB980437 /* Pods_dirpol.framework */,
				F49AA2044C48DF46A3EC544A /* Pods_dirpol_dirpolUITests.framework */,
				28E1D4D3AE7E04E1B0E24BAB /* Pods_dirpolTests.framework */,
			);
			name = Frameworks;
			sourceTree = "<group>";
		};
		6C3E98D8214C5746009FDF74 = {
			isa = PBXGroup;
			children = (
				6C3E98E3214C5746009FDF74 /* dirpol */,
				6C3E98F8214C5748009FDF74 /* dirpolTests */,
				6C3E9903214C5748009FDF74 /* dirpolUITests */,
				6C3E98E2214C5746009FDF74 /* Products */,
				E3F7FC57B2509738CB4FA6B0 /* Pods */,
				431E9EB1A92B590AB35A163F /* Frameworks */,
			);
			sourceTree = "<group>";
		};
		6C3E98E2214C5746009FDF74 /* Products */ = {
			isa = PBXGroup;
			children = (
				6C3E98E1214C5746009FDF74 /* DIRPOL.app */,
				6C3E98F5214C5748009FDF74 /* dirpolTests.xctest */,
				6C3E9900214C5748009FDF74 /* dirpolUITests.xctest */,
			);
			name = Products;
			sourceTree = "<group>";
		};
		6C3E98E3214C5746009FDF74 /* dirpol */ = {
			isa = PBXGroup;
			children = (
				8B1992AD24C3A385003D788B /* Font */,
				8B1992A524C37918003D788B /* Api */,
				8BAC4FE524BE017A0008026F /* Libraries */,
				6C3E98F0214C5748009FDF74 /* Info.plist */,
				8B409ACA24B57DFE004ED46E /* Config */,
				FAC2C04021517CE200A74FA3 /* Textos */,
				FAC2C0292150570E00A74FA3 /* Modelos */,
				FAC2C0282150570100A74FA3 /* Servicios */,
				FAC2C0232150322B00A74FA3 /* Utileria */,
				FAC2C030215069E900A74FA3 /* Aplicacion */,
				8BAC4FD824BDF1F30008026F /* Menu */,
				6C3E98E6214C5746009FDF74 /* ViewController.swift */,
				6C3E98E8214C5746009FDF74 /* Main.storyboard */,
				6C3E98EB214C5748009FDF74 /* Assets.xcassets */,
				6C3E98ED214C5748009FDF74 /* LaunchScreen.storyboard */,
				8B87507524C7B8C8006244C6 /* LaunchScreen_col.storyboard */,
			);
			path = dirpol;
			sourceTree = "<group>";
		};
		6C3E98F8214C5748009FDF74 /* dirpolTests */ = {
			isa = PBXGroup;
			children = (
				6C3E98F9214C5748009FDF74 /* dirpolTests.swift */,
				6C3E98FB214C5748009FDF74 /* Info.plist */,
			);
			path = dirpolTests;
			sourceTree = "<group>";
		};
		6C3E9903214C5748009FDF74 /* dirpolUITests */ = {
			isa = PBXGroup;
			children = (
				6C3E9904214C5748009FDF74 /* dirpolUITests.swift */,
				6C3E9906214C5748009FDF74 /* Info.plist */,
			);
			path = dirpolUITests;
			sourceTree = "<group>";
		};
		8B06670D24D352AB00078BDB /* MapDetail */ = {
			isa = PBXGroup;
			children = (
				8B929DA124D3689100E89FF5 /* Cell */,
				8B6780DE24D31A0A00B76B2D /* CardViewController.xib */,
				8B6780DD24D31A0A00B76B2D /* CardViewController.swift */,
				8B6780E124D31A2200B76B2D /* MapDetailVC.swift */,
			);
			path = MapDetail;
			sourceTree = "<group>";
		};
		8B1075E824D2397D00C50789 /* GeneralSearch */ = {
			isa = PBXGroup;
			children = (
				8B06670D24D352AB00078BDB /* MapDetail */,
				8B1075F524D243A200C50789 /* Cell */,
				8B1075E924D2399300C50789 /* GeneralSearch.storyboard */,
				8B1075F624D243CB00C50789 /* GeneralSearchVC.swift */,
				8B1075F824D243DC00C50789 /* GeneralSearchDetailVC.swift */,
				477B99AD24D7BDD800BDF97F /* PoliciesVC.swift */,
			);
			path = GeneralSearch;
			sourceTree = "<group>";
		};
		8B1075F524D243A200C50789 /* Cell */ = {
			isa = PBXGroup;
			children = (
				8B1075ED24D23CF400C50789 /* CellGeneralSearch.swift */,
				8B1075EE24D23CF400C50789 /* CellGeneralSearch.xib */,
				8B1075F124D23E8B00C50789 /* CellGeneralSearchDetail.swift */,
				8B1075F224D23E8B00C50789 /* CellGeneralSearchDetail.xib */,
				473873EE24D7B1D10050693F /* CellStation.swift */,
				473873EF24D7B1D10050693F /* CellStation.xib */,
			);
			path = Cell;
			sourceTree = "<group>";
		};
		8B115EC524BECD1000C82CFB /* Credential */ = {
			isa = PBXGroup;
			children = (
				8B115EC624BECD2000C82CFB /* Credential.storyboard */,
				8B9AB12524C143F0005AE821 /* CredentialVC.swift */,
				8B9AB12724C1441E005AE821 /* RenewMembershipVC.swift */,
				473881BF24DA2B150077CF89 /* ImageZoomVC.swift */,
			);
			path = Credential;
			sourceTree = "<group>";
		};
		8B19929024C36522003D788B /* NewDesing */ = {
			isa = PBXGroup;
			children = (
				8B1075E824D2397D00C50789 /* GeneralSearch */,
				8B1992A824C38368003D788B /* Regions */,
				8B1992A024C3758F003D788B /* AboutUS */,
				8B19929B24C37059003D788B /* UserPanel */,
				8B19929624C369F4003D788B /* ContactUS */,
				8B19929124C36555003D788B /* Search */,
				8B115EC524BECD1000C82CFB /* Credential */,
			);
			path = NewDesing;
			sourceTree = "<group>";
		};
		8B19929124C36555003D788B /* Search */ = {
			isa = PBXGroup;
			children = (
				8B19929224C36591003D788B /* AdvancedSearch.storyboard */,
				8B19929424C368F1003D788B /* AdvanceSearchVC.swift */,
			);
			path = Search;
			sourceTree = "<group>";
		};
		8B19929624C369F4003D788B /* ContactUS */ = {
			isa = PBXGroup;
			children = (
				8B19929724C36A0F003D788B /* ContactUs.storyboard */,
				8B19929924C36E61003D788B /* ContactUsVC.swift */,
			);
			path = ContactUS;
			sourceTree = "<group>";
		};
		8B19929B24C37059003D788B /* UserPanel */ = {
			isa = PBXGroup;
			children = (
				8B19929C24C3706A003D788B /* UserPanel.storyboard */,
				8B19929E24C370E2003D788B /* UserPanelVC.swift */,
			);
			path = UserPanel;
			sourceTree = "<group>";
		};
		8B1992A024C3758F003D788B /* AboutUS */ = {
			isa = PBXGroup;
			children = (
				8B1992A124C3759F003D788B /* About.storyboard */,
				8B1992A324C37671003D788B /* AboutUS.swift */,
			);
			path = AboutUS;
			sourceTree = "<group>";
		};
		8B1992A524C37918003D788B /* Api */ = {
			isa = PBXGroup;
			children = (
				8B1992A624C3792E003D788B /* Singleton.swift */,
			);
			path = Api;
			sourceTree = "<group>";
		};
		8B1992A824C38368003D788B /* Regions */ = {
			isa = PBXGroup;
			children = (
				8B1992A924C38373003D788B /* Regions.storyboard */,
				8B1992AB24C383BB003D788B /* RegionsVC.swift */,
			);
			path = Regions;
			sourceTree = "<group>";
		};
		8B1992AD24C3A385003D788B /* Font */ = {
			isa = PBXGroup;
			children = (
				8B1992AF24C3A398003D788B /* Montserrat-Bold.otf */,
				8B1992AE24C3A398003D788B /* Montserrat-Light.ttf */,
				8B1992B224C3A399003D788B /* Montserrat-Medium.ttf */,
				8B1992B024C3A399003D788B /* Montserrat-Regular.ttf */,
				8B1992B324C3A399003D788B /* Montserrat-SemiBold.ttf */,
			);
			path = Font;
			sourceTree = "<group>";
		};
		8B409ACA24B57DFE004ED46E /* Config */ = {
			isa = PBXGroup;
			children = (
				6C3E98E4214C5746009FDF74 /* AppDelegate.swift */,
				8B409ACB24B57E11004ED46E /* ConfigPeru.xcconfig */,
				8B409ACC24B57E26004ED46E /* ConfigColombia.xcconfig */,
				8B409ACD24B57E33004ED46E /* ConfigMexico.xcconfig */,
				8B409ACE24B57ED5004ED46E /* Api.swift */,
			);
			path = Config;
			sourceTree = "<group>";
		};
		8B929DA124D3689100E89FF5 /* Cell */ = {
			isa = PBXGroup;
			children = (
				8B06671424D356CF00078BDB /* CellDirectAccess.swift */,
				8B06671524D356CF00078BDB /* CellDirectAccess.xib */,
				8B06671024D355C000078BDB /* CellListMap.swift */,
				8B06671124D355C000078BDB /* CellListMap.xib */,
				8B929DA324D368B500E89FF5 /* CellHeaderMap.swift */,
				8B929DA424D368B500E89FF5 /* CellHeaderMap.xib */,
			);
			path = Cell;
			sourceTree = "<group>";
		};
		8BAC4FD824BDF1F30008026F /* Menu */ = {
			isa = PBXGroup;
			children = (
				8BAC4FE724BE01C30008026F /* HomeVC.swift */,
				8BAC4FE324BE01610008026F /* MenuCell.swift */,
				8BAC4FE124BE00BA0008026F /* MenuLeftVC.swift */,
				8BAC4FD924BDF20C0008026F /* Menu.storyboard */,
				8BAC4FDD24BDFE1B0008026F /* dirpol-Bridging-Header.h */,
			);
			path = Menu;
			sourceTree = "<group>";
		};
		8BAC4FE524BE017A0008026F /* Libraries */ = {
			isa = PBXGroup;
			children = (
				8BAC4FDE24BDFE1C0008026F /* SWRevealViewController.h */,
				8BAC4FDF24BDFE1C0008026F /* SWRevealViewController.m */,
			);
			path = Libraries;
			sourceTree = "<group>";
		};
		E3F7FC57B2509738CB4FA6B0 /* Pods */ = {
			isa = PBXGroup;
			children = (
				CB731EA2087CD5BCCD6C80F2 /* Pods-dirpol.peru.xcconfig */,
				1AD19130C1473930038223BB /* Pods-dirpol.colombia.xcconfig */,
				90B03790D0990D7E4219AB21 /* Pods-dirpol.mexico.xcconfig */,
				9BDB73251C6243509590301A /* Pods-dirpol-dirpolUITests.peru.xcconfig */,
				CF5A5138F4AA5FEE0024E96A /* Pods-dirpol-dirpolUITests.colombia.xcconfig */,
				1FBA1CB55586885CF192B0A3 /* Pods-dirpol-dirpolUITests.mexico.xcconfig */,
				1DBF1A2BA33935663A6946B0 /* Pods-dirpolTests.peru.xcconfig */,
				FA65284E9D4A4E7DADA8CE51 /* Pods-dirpolTests.colombia.xcconfig */,
				B07D7F5F9B59EC8EE5077742 /* Pods-dirpolTests.mexico.xcconfig */,
			);
			path = Pods;
			sourceTree = "<group>";
		};
		FA43C656215CA08800495E32 /* BusquedaAvanzada */ = {
			isa = PBXGroup;
			children = (
				FA9850C321521AF7002F143D /* BusquedaAvanzadaVC.swift */,
				FA43C657215CA0B400495E32 /* DetalleBAvanzadaVC.swift */,
			);
			path = BusquedaAvanzada;
			sourceTree = "<group>";
		};
		FA43C659215DD59900495E32 /* Busqueda */ = {
			isa = PBXGroup;
			children = (
				FA9CD354215B40420032174B /* ViewBusquedaDos.swift */,
				FA9850CD215347B9002F143D /* ViewBusquedaUno.swift */,
			);
			path = Busqueda;
			sourceTree = "<group>";
		};
		FA43C65A215DD5B400495E32 /* Directorio */ = {
			isa = PBXGroup;
			children = (
				FA9850CF2153486D002F143D /* ViewDirectorio.swift */,
				8B088B8824C26B50005C723C /* Directory.storyboard */,
				8B088B8A24C26BDC005C723C /* DirectoryVC.swift */,
			);
			path = Directorio;
			sourceTree = "<group>";
		};
		FA9850CC2152D511002F143D /* ViewsInicio */ = {
			isa = PBXGroup;
			children = (
			);
			name = ViewsInicio;
			path = "New Group";
			sourceTree = "<group>";
		};
		FA9CD35021573E880032174B /* xibMarker */ = {
			isa = PBXGroup;
			children = (
				FA9CD34C215739290032174B /* ViewMarcker.xib */,
				FA9CD34E21573B340032174B /* ViewMarcker.swift */,
			);
			path = xibMarker;
			sourceTree = "<group>";
		};
		FA9CD35121573EC00032174B /* Region */ = {
			isa = PBXGroup;
			children = (
				FA9850D12153F1AE002F143D /* ViewProvInstitucion.swift */,
				FA9850CA2152D50C002F143D /* ViewRegionesMapa.swift */,
				FA9CD35021573E880032174B /* xibMarker */,
			);
			path = Region;
			sourceTree = "<group>";
		};
		FAC2C0232150322B00A74FA3 /* Utileria */ = {
			isa = PBXGroup;
			children = (
				FA9CD3522159EBB60032174B /* Util.swift */,
				FAC2C0552151A6DD00A74FA3 /* CellMenu.swift */,
				FAC2C0542151A6DC00A74FA3 /* CollMenu.swift */,
				FAC2C02E2150574300A74FA3 /* Metodos.swift */,
				FAC2C02C2150573200A74FA3 /* Variables.swift */,
				FAC2C02A2150572800A74FA3 /* Constantes.swift */,
				FAC2C0262150333000A74FA3 /* Tema.swift */,
				FAC2C024215032FE00A74FA3 /* Extenciones.swift */,
			);
			path = Utileria;
			sourceTree = "<group>";
		};
		FAC2C0282150570100A74FA3 /* Servicios */ = {
			isa = PBXGroup;
			children = (
				FA43C654215C2C9600495E32 /* Servicios.swift */,
			);
			path = Servicios;
			sourceTree = "<group>";
		};
		FAC2C0292150570E00A74FA3 /* Modelos */ = {
			isa = PBXGroup;
			children = (
				FA9850D3215565EC002F143D /* ModeloServicios.swift */,
			);
			path = Modelos;
			sourceTree = "<group>";
		};
		FAC2C030215069E900A74FA3 /* Aplicacion */ = {
			isa = PBXGroup;
			children = (
				8B19929024C36522003D788B /* NewDesing */,
				FAC2C0582151BF4D00A74FA3 /* AcercaDe */,
				FAC2C03221506A0800A74FA3 /* Home */,
				FAC2C03121506A0000A74FA3 /* InicioSesion */,
			);
			path = Aplicacion;
			sourceTree = "<group>";
		};
		FAC2C03121506A0000A74FA3 /* InicioSesion */ = {
			isa = PBXGroup;
			children = (
				FAC2C0332150822B00A74FA3 /* RecuperarVC.swift */,
				FAC2C0352150828300A74FA3 /* IniciarSesionVC.swift */,
			);
			path = InicioSesion;
			sourceTree = "<group>";
		};
		FAC2C03221506A0800A74FA3 /* Home */ = {
			isa = PBXGroup;
			children = (
				FA43C65A215DD5B400495E32 /* Directorio */,
				FA43C659215DD59900495E32 /* Busqueda */,
				FA43C656215CA08800495E32 /* BusquedaAvanzada */,
				FA9CD35121573EC00032174B /* Region */,
				FA9850CC2152D511002F143D /* ViewsInicio */,
				FAC2C0372150C04900A74FA3 /* Buscar.storyboard */,
				FAC2C03E21514E8500A74FA3 /* MenuVC.swift */,
				FAC2C0522151825E00A74FA3 /* InicioVC.swift */,
				FA9850C12151D3FD002F143D /* AltoMandoPolicialVC.swift */,
				FA9850C721529F8B002F143D /* DetalleBusquedaVC.swift */,
			);
			path = Home;
			sourceTree = "<group>";
		};
		FAC2C04021517CE200A74FA3 /* Textos */ = {
			isa = PBXGroup;
			children = (
				FAC2C04121517CFC00A74FA3 /* Textos.swift */,
				FAC2C04E2151810A00A74FA3 /* Localizable.strings */,
			);
			path = Textos;
			sourceTree = "<group>";
		};
		FAC2C0582151BF4D00A74FA3 /* AcercaDe */ = {
			isa = PBXGroup;
			children = (
				FA9850C521521EE2002F143D /* PanelUsuarioVC.swift */,
				FAC2C03A2150C18700A74FA3 /* ContactoVC.swift */,
				FAC2C03C2150C4E400A74FA3 /* ListadoTemaVC.swift */,
				FAC2C0592151BF6700A74FA3 /* AcercaDeVC.swift */,
				FA9850BF2151D162002F143D /* Contacto.storyboard */,
			);
			path = AcercaDe;
			sourceTree = "<group>";
		};
/* End PBXGroup section */

/* Begin PBXNativeTarget section */
		6C3E98E0214C5746009FDF74 /* dirpol */ = {
			isa = PBXNativeTarget;
			buildConfigurationList = 6C3E9909214C5748009FDF74 /* Build configuration list for PBXNativeTarget "dirpol" */;
			buildPhases = (
				D7F7123305A397773E73579E /* [CP] Check Pods Manifest.lock */,
				6C3E98DD214C5746009FDF74 /* Sources */,
				6C3E98DE214C5746009FDF74 /* Frameworks */,
				6C3E98DF214C5746009FDF74 /* Resources */,
				0DD5335493019C1291B3E89C /* [CP] Embed Pods Frameworks */,
				D5BCF77B36338E0757357A0E /* [CP] Copy Pods Resources */,
			);
			buildRules = (
			);
			dependencies = (
			);
			name = dirpol;
			productName = dirpol;
			productReference = 6C3E98E1214C5746009FDF74 /* DIRPOL.app */;
			productType = "com.apple.product-type.application";
		};
		6C3E98F4214C5748009FDF74 /* dirpolTests */ = {
			isa = PBXNativeTarget;
			buildConfigurationList = 6C3E990C214C5748009FDF74 /* Build configuration list for PBXNativeTarget "dirpolTests" */;
			buildPhases = (
				C10FB19314D4D0D49520092C /* [CP] Check Pods Manifest.lock */,
				6C3E98F1214C5748009FDF74 /* Sources */,
				6C3E98F2214C5748009FDF74 /* Frameworks */,
				6C3E98F3214C5748009FDF74 /* Resources */,
			);
			buildRules = (
			);
			dependencies = (
				6C3E98F7214C5748009FDF74 /* PBXTargetDependency */,
			);
			name = dirpolTests;
			productName = dirpolTests;
			productReference = 6C3E98F5214C5748009FDF74 /* dirpolTests.xctest */;
			productType = "com.apple.product-type.bundle.unit-test";
		};
		6C3E98FF214C5748009FDF74 /* dirpolUITests */ = {
			isa = PBXNativeTarget;
			buildConfigurationList = 6C3E990F214C5748009FDF74 /* Build configuration list for PBXNativeTarget "dirpolUITests" */;
			buildPhases = (
				ECE47F7E91CC86B8A82387CB /* [CP] Check Pods Manifest.lock */,
				6C3E98FC214C5748009FDF74 /* Sources */,
				6C3E98FD214C5748009FDF74 /* Frameworks */,
				6C3E98FE214C5748009FDF74 /* Resources */,
				1E07101F95046C30E3A3145E /* [CP] Embed Pods Frameworks */,
				57878C0A377C8FC10AFD304F /* [CP] Copy Pods Resources */,
			);
			buildRules = (
			);
			dependencies = (
				6C3E9902214C5748009FDF74 /* PBXTargetDependency */,
			);
			name = dirpolUITests;
			productName = dirpolUITests;
			productReference = 6C3E9900214C5748009FDF74 /* dirpolUITests.xctest */;
			productType = "com.apple.product-type.bundle.ui-testing";
		};
/* End PBXNativeTarget section */

/* Begin PBXProject section */
		6C3E98D9214C5746009FDF74 /* Project object */ = {
			isa = PBXProject;
			attributes = {
				LastSwiftUpdateCheck = 0940;
				LastUpgradeCheck = 0940;
				ORGANIZATIONNAME = gravittas;
				TargetAttributes = {
					6C3E98E0214C5746009FDF74 = {
						CreatedOnToolsVersion = 9.4.1;
						LastSwiftMigration = 1120;
					};
					6C3E98F4214C5748009FDF74 = {
						CreatedOnToolsVersion = 9.4.1;
						TestTargetID = 6C3E98E0214C5746009FDF74;
					};
					6C3E98FF214C5748009FDF74 = {
						CreatedOnToolsVersion = 9.4.1;
						TestTargetID = 6C3E98E0214C5746009FDF74;
					};
				};
			};
			buildConfigurationList = 6C3E98DC214C5746009FDF74 /* Build configuration list for PBXProject "dirpol" */;
			compatibilityVersion = "Xcode 9.3";
			developmentRegion = en;
			hasScannedForEncodings = 0;
			knownRegions = (
				en,
				Base,
				"es-419",
			);
			mainGroup = 6C3E98D8214C5746009FDF74;
			productRefGroup = 6C3E98E2214C5746009FDF74 /* Products */;
			projectDirPath = "";
			projectRoot = "";
			targets = (
				6C3E98E0214C5746009FDF74 /* dirpol */,
				6C3E98F4214C5748009FDF74 /* dirpolTests */,
				6C3E98FF214C5748009FDF74 /* dirpolUITests */,
			);
		};
/* End PBXProject section */

/* Begin PBXResourcesBuildPhase section */
		6C3E98DF214C5746009FDF74 /* Resources */ = {
			isa = PBXResourcesBuildPhase;
			buildActionMask = 2147483647;
			files = (
				8B87507624C7B8C8006244C6 /* LaunchScreen_col.storyboard in Resources */,
				8B1992B624C3A399003D788B /* Montserrat-Regular.ttf in Resources */,
				8B1075F024D23CF400C50789 /* CellGeneralSearch.xib in Resources */,
				8B6780E024D31A0A00B76B2D /* CardViewController.xib in Resources */,
				8B1992B524C3A399003D788B /* Montserrat-Bold.otf in Resources */,
				8B06671724D356CF00078BDB /* CellDirectAccess.xib in Resources */,
				8B1992B924C3A399003D788B /* Montserrat-SemiBold.ttf in Resources */,
				FAC2C0502151810A00A74FA3 /* Localizable.strings in Resources */,
				8B19929324C36591003D788B /* AdvancedSearch.storyboard in Resources */,
				FA9CD34D215739290032174B /* ViewMarcker.xib in Resources */,
				8B1992B824C3A399003D788B /* Montserrat-Medium.ttf in Resources */,
				FA9850C02151D162002F143D /* Contacto.storyboard in Resources */,
				8B1992B424C3A399003D788B /* Montserrat-Light.ttf in Resources */,
				473873F124D7B1D10050693F /* CellStation.xib in Resources */,
				8BAC4FDA24BDF20C0008026F /* Menu.storyboard in Resources */,
				FAC2C0382150C04900A74FA3 /* Buscar.storyboard in Resources */,
				8B409AD224B58CED004ED46E /* Assets.xcassets in Resources */,
				8B1992AA24C38373003D788B /* Regions.storyboard in Resources */,
				8B19929824C36A0F003D788B /* ContactUs.storyboard in Resources */,
				8B1992A224C3759F003D788B /* About.storyboard in Resources */,
				8B088B8924C26B50005C723C /* Directory.storyboard in Resources */,
				8B1075EA24D2399300C50789 /* GeneralSearch.storyboard in Resources */,
				8B1075F424D23E8B00C50789 /* CellGeneralSearchDetail.xib in Resources */,
				6C3E98EF214C5748009FDF74 /* LaunchScreen.storyboard in Resources */,
				8B115EC724BECD2000C82CFB /* Credential.storyboard in Resources */,
				8B19929D24C3706A003D788B /* UserPanel.storyboard in Resources */,
				8B929DA624D368B500E89FF5 /* CellHeaderMap.xib in Resources */,
				8B06671324D355C000078BDB /* CellListMap.xib in Resources */,
				6C3E98EA214C5746009FDF74 /* Main.storyboard in Resources */,
			);
			runOnlyForDeploymentPostprocessing = 0;
		};
		6C3E98F3214C5748009FDF74 /* Resources */ = {
			isa = PBXResourcesBuildPhase;
			buildActionMask = 2147483647;
			files = (
			);
			runOnlyForDeploymentPostprocessing = 0;
		};
		6C3E98FE214C5748009FDF74 /* Resources */ = {
			isa = PBXResourcesBuildPhase;
			buildActionMask = 2147483647;
			files = (
			);
			runOnlyForDeploymentPostprocessing = 0;
		};
/* End PBXResourcesBuildPhase section */

/* Begin PBXShellScriptBuildPhase section */
		0DD5335493019C1291B3E89C /* [CP] Embed Pods Frameworks */ = {
			isa = PBXShellScriptBuildPhase;
			buildActionMask = 2147483647;
			files = (
			);
			inputFileListPaths = (
				"${PODS_ROOT}/Target Support Files/Pods-dirpol/Pods-dirpol-frameworks-${CONFIGURATION}-input-files.xcfilelist",
			);
			name = "[CP] Embed Pods Frameworks";
			outputFileListPaths = (
				"${PODS_ROOT}/Target Support Files/Pods-dirpol/Pods-dirpol-frameworks-${CONFIGURATION}-output-files.xcfilelist",
			);
			runOnlyForDeploymentPostprocessing = 0;
			shellPath = /bin/sh;
			shellScript = "\"${PODS_ROOT}/Target Support Files/Pods-dirpol/Pods-dirpol-frameworks.sh\"\n";
			showEnvVarsInLog = 0;
		};
		1E07101F95046C30E3A3145E /* [CP] Embed Pods Frameworks */ = {
			isa = PBXShellScriptBuildPhase;
			buildActionMask = 2147483647;
			files = (
			);
			inputFileListPaths = (
				"${PODS_ROOT}/Target Support Files/Pods-dirpol-dirpolUITests/Pods-dirpol-dirpolUITests-frameworks-${CONFIGURATION}-input-files.xcfilelist",
			);
			name = "[CP] Embed Pods Frameworks";
			outputFileListPaths = (
				"${PODS_ROOT}/Target Support Files/Pods-dirpol-dirpolUITests/Pods-dirpol-dirpolUITests-frameworks-${CONFIGURATION}-output-files.xcfilelist",
			);
			runOnlyForDeploymentPostprocessing = 0;
			shellPath = /bin/sh;
			shellScript = "\"${PODS_ROOT}/Target Support Files/Pods-dirpol-dirpolUITests/Pods-dirpol-dirpolUITests-frameworks.sh\"\n";
			showEnvVarsInLog = 0;
		};
		57878C0A377C8FC10AFD304F /* [CP] Copy Pods Resources */ = {
			isa = PBXShellScriptBuildPhase;
			buildActionMask = 2147483647;
			files = (
			);
			inputFileListPaths = (
				"${PODS_ROOT}/Target Support Files/Pods-dirpol-dirpolUITests/Pods-dirpol-dirpolUITests-resources-${CONFIGURATION}-input-files.xcfilelist",
			);
			name = "[CP] Copy Pods Resources";
			outputFileListPaths = (
				"${PODS_ROOT}/Target Support Files/Pods-dirpol-dirpolUITests/Pods-dirpol-dirpolUITests-resources-${CONFIGURATION}-output-files.xcfilelist",
			);
			runOnlyForDeploymentPostprocessing = 0;
			shellPath = /bin/sh;
			shellScript = "\"${PODS_ROOT}/Target Support Files/Pods-dirpol-dirpolUITests/Pods-dirpol-dirpolUITests-resources.sh\"\n";
			showEnvVarsInLog = 0;
		};
		C10FB19314D4D0D49520092C /* [CP] Check Pods Manifest.lock */ = {
			isa = PBXShellScriptBuildPhase;
			buildActionMask = 2147483647;
			files = (
			);
			inputFileListPaths = (
			);
			inputPaths = (
				"${PODS_PODFILE_DIR_PATH}/Podfile.lock",
				"${PODS_ROOT}/Manifest.lock",
			);
			name = "[CP] Check Pods Manifest.lock";
			outputFileListPaths = (
			);
			outputPaths = (
				"$(DERIVED_FILE_DIR)/Pods-dirpolTests-checkManifestLockResult.txt",
			);
			runOnlyForDeploymentPostprocessing = 0;
			shellPath = /bin/sh;
			shellScript = "diff \"${PODS_PODFILE_DIR_PATH}/Podfile.lock\" \"${PODS_ROOT}/Manifest.lock\" > /dev/null\nif [ $? != 0 ] ; then\n    # print error to STDERR\n    echo \"error: The sandbox is not in sync with the Podfile.lock. Run 'pod install' or update your CocoaPods installation.\" >&2\n    exit 1\nfi\n# This output is used by Xcode 'outputs' to avoid re-running this script phase.\necho \"SUCCESS\" > \"${SCRIPT_OUTPUT_FILE_0}\"\n";
			showEnvVarsInLog = 0;
		};
		D5BCF77B36338E0757357A0E /* [CP] Copy Pods Resources */ = {
			isa = PBXShellScriptBuildPhase;
			buildActionMask = 2147483647;
			files = (
			);
			inputFileListPaths = (
				"${PODS_ROOT}/Target Support Files/Pods-dirpol/Pods-dirpol-resources-${CONFIGURATION}-input-files.xcfilelist",
			);
			name = "[CP] Copy Pods Resources";
			outputFileListPaths = (
				"${PODS_ROOT}/Target Support Files/Pods-dirpol/Pods-dirpol-resources-${CONFIGURATION}-output-files.xcfilelist",
			);
			runOnlyForDeploymentPostprocessing = 0;
			shellPath = /bin/sh;
			shellScript = "\"${PODS_ROOT}/Target Support Files/Pods-dirpol/Pods-dirpol-resources.sh\"\n";
			showEnvVarsInLog = 0;
		};
		D7F7123305A397773E73579E /* [CP] Check Pods Manifest.lock */ = {
			isa = PBXShellScriptBuildPhase;
			buildActionMask = 2147483647;
			files = (
			);
			inputFileListPaths = (
			);
			inputPaths = (
				"${PODS_PODFILE_DIR_PATH}/Podfile.lock",
				"${PODS_ROOT}/Manifest.lock",
			);
			name = "[CP] Check Pods Manifest.lock";
			outputFileListPaths = (
			);
			outputPaths = (
				"$(DERIVED_FILE_DIR)/Pods-dirpol-checkManifestLockResult.txt",
			);
			runOnlyForDeploymentPostprocessing = 0;
			shellPath = /bin/sh;
			shellScript = "diff \"${PODS_PODFILE_DIR_PATH}/Podfile.lock\" \"${PODS_ROOT}/Manifest.lock\" > /dev/null\nif [ $? != 0 ] ; then\n    # print error to STDERR\n    echo \"error: The sandbox is not in sync with the Podfile.lock. Run 'pod install' or update your CocoaPods installation.\" >&2\n    exit 1\nfi\n# This output is used by Xcode 'outputs' to avoid re-running this script phase.\necho \"SUCCESS\" > \"${SCRIPT_OUTPUT_FILE_0}\"\n";
			showEnvVarsInLog = 0;
		};
		ECE47F7E91CC86B8A82387CB /* [CP] Check Pods Manifest.lock */ = {
			isa = PBXShellScriptBuildPhase;
			buildActionMask = 2147483647;
			files = (
			);
			inputFileListPaths = (
			);
			inputPaths = (
				"${PODS_PODFILE_DIR_PATH}/Podfile.lock",
				"${PODS_ROOT}/Manifest.lock",
			);
			name = "[CP] Check Pods Manifest.lock";
			outputFileListPaths = (
			);
			outputPaths = (
				"$(DERIVED_FILE_DIR)/Pods-dirpol-dirpolUITests-checkManifestLockResult.txt",
			);
			runOnlyForDeploymentPostprocessing = 0;
			shellPath = /bin/sh;
			shellScript = "diff \"${PODS_PODFILE_DIR_PATH}/Podfile.lock\" \"${PODS_ROOT}/Manifest.lock\" > /dev/null\nif [ $? != 0 ] ; then\n    # print error to STDERR\n    echo \"error: The sandbox is not in sync with the Podfile.lock. Run 'pod install' or update your CocoaPods installation.\" >&2\n    exit 1\nfi\n# This output is used by Xcode 'outputs' to avoid re-running this script phase.\necho \"SUCCESS\" > \"${SCRIPT_OUTPUT_FILE_0}\"\n";
			showEnvVarsInLog = 0;
		};
/* End PBXShellScriptBuildPhase section */

/* Begin PBXSourcesBuildPhase section */
		6C3E98DD214C5746009FDF74 /* Sources */ = {
			isa = PBXSourcesBuildPhase;
			buildActionMask = 2147483647;
			files = (
				FAC2C03D2150C4E400A74FA3 /* ListadoTemaVC.swift in Sources */,
				8B1075F924D243DC00C50789 /* GeneralSearchDetailVC.swift in Sources */,
				FAC2C02B2150572800A74FA3 /* Constantes.swift in Sources */,
				8B088B8B24C26BDC005C723C /* DirectoryVC.swift in Sources */,
				FA9CD34F21573B340032174B /* ViewMarcker.swift in Sources */,
				8B19929F24C370E2003D788B /* UserPanelVC.swift in Sources */,
				FAC2C0272150333100A74FA3 /* Tema.swift in Sources */,
				FA9CD3532159EBB60032174B /* Util.swift in Sources */,
				8B1075F324D23E8B00C50789 /* CellGeneralSearchDetail.swift in Sources */,
				8B6780E224D31A2200B76B2D /* MapDetailVC.swift in Sources */,
				FA43C658215CA0B400495E32 /* DetalleBAvanzadaVC.swift in Sources */,
				8B19929A24C36E61003D788B /* ContactUsVC.swift in Sources */,
				FA9850D4215565EC002F143D /* ModeloServicios.swift in Sources */,
				FAC2C04221517CFD00A74FA3 /* Textos.swift in Sources */,
				8B06671224D355C000078BDB /* CellListMap.swift in Sources */,
				8B19929524C368F1003D788B /* AdvanceSearchVC.swift in Sources */,
				8B1075F724D243CB00C50789 /* GeneralSearchVC.swift in Sources */,
				FA9CD355215B40420032174B /* ViewBusquedaDos.swift in Sources */,
				6C3E98E7214C5746009FDF74 /* ViewController.swift in Sources */,
				FA9850C22151D3FD002F143D /* AltoMandoPolicialVC.swift in Sources */,
				8BAC4FE024BDFE1C0008026F /* SWRevealViewController.m in Sources */,
				8B929DA524D368B500E89FF5 /* CellHeaderMap.swift in Sources */,
				FAC2C0532151825E00A74FA3 /* InicioVC.swift in Sources */,
				8B1992A724C3792E003D788B /* Singleton.swift in Sources */,
				FAC2C02D2150573200A74FA3 /* Variables.swift in Sources */,
				FA9850C621521EE2002F143D /* PanelUsuarioVC.swift in Sources */,
				FAC2C03F21514E8500A74FA3 /* MenuVC.swift in Sources */,
				FA9850D22153F1AE002F143D /* ViewProvInstitucion.swift in Sources */,
				FA9850C821529F8B002F143D /* DetalleBusquedaVC.swift in Sources */,
				FA9850CB2152D50C002F143D /* ViewRegionesMapa.swift in Sources */,
				FAC2C02F2150574400A74FA3 /* Metodos.swift in Sources */,
				8B6780DF24D31A0A00B76B2D /* CardViewController.swift in Sources */,
				FAC2C0362150828300A74FA3 /* IniciarSesionVC.swift in Sources */,
				8B06671624D356CF00078BDB /* CellDirectAccess.swift in Sources */,
				473881C024DA2B160077CF89 /* ImageZoomVC.swift in Sources */,
				8BAC4FE824BE01C30008026F /* HomeVC.swift in Sources */,
				8B1992AC24C383BB003D788B /* RegionsVC.swift in Sources */,
				8B9AB12824C1441E005AE821 /* RenewMembershipVC.swift in Sources */,
				8BAC4FE424BE01610008026F /* MenuCell.swift in Sources */,
				8BAC4FE224BE00BA0008026F /* MenuLeftVC.swift in Sources */,
				FA9850D02153486D002F143D /* ViewDirectorio.swift in Sources */,
				FAC2C05A2151BF6700A74FA3 /* AcercaDeVC.swift in Sources */,
				FA9850CE215347B9002F143D /* ViewBusquedaUno.swift in Sources */,
				6C3E98E5214C5746009FDF74 /* AppDelegate.swift in Sources */,
				8B1992A424C37671003D788B /* AboutUS.swift in Sources */,
				FAC2C0342150822B00A74FA3 /* RecuperarVC.swift in Sources */,
				FAC2C025215032FE00A74FA3 /* Extenciones.swift in Sources */,
				473873F024D7B1D10050693F /* CellStation.swift in Sources */,
				FAC2C03B2150C18700A74FA3 /* ContactoVC.swift in Sources */,
				FA9850C421521AF7002F143D /* BusquedaAvanzadaVC.swift in Sources */,
				FA43C655215C2C9700495E32 /* Servicios.swift in Sources */,
				FAC2C0572151A6DD00A74FA3 /* CellMenu.swift in Sources */,
				8B409ACF24B57ED5004ED46E /* Api.swift in Sources */,
				477B99AE24D7BDD800BDF97F /* PoliciesVC.swift in Sources */,
				8B9AB12624C143F0005AE821 /* CredentialVC.swift in Sources */,
				8B1075EF24D23CF400C50789 /* CellGeneralSearch.swift in Sources */,
				FAC2C0562151A6DD00A74FA3 /* CollMenu.swift in Sources */,
			);
			runOnlyForDeploymentPostprocessing = 0;
		};
		6C3E98F1214C5748009FDF74 /* Sources */ = {
			isa = PBXSourcesBuildPhase;
			buildActionMask = 2147483647;
			files = (
				6C3E98FA214C5748009FDF74 /* dirpolTests.swift in Sources */,
			);
			runOnlyForDeploymentPostprocessing = 0;
		};
		6C3E98FC214C5748009FDF74 /* Sources */ = {
			isa = PBXSourcesBuildPhase;
			buildActionMask = 2147483647;
			files = (
				6C3E9905214C5748009FDF74 /* dirpolUITests.swift in Sources */,
			);
			runOnlyForDeploymentPostprocessing = 0;
		};
/* End PBXSourcesBuildPhase section */

/* Begin PBXTargetDependency section */
		6C3E98F7214C5748009FDF74 /* PBXTargetDependency */ = {
			isa = PBXTargetDependency;
			target = 6C3E98E0214C5746009FDF74 /* dirpol */;
			targetProxy = 6C3E98F6214C5748009FDF74 /* PBXContainerItemProxy */;
		};
		6C3E9902214C5748009FDF74 /* PBXTargetDependency */ = {
			isa = PBXTargetDependency;
			target = 6C3E98E0214C5746009FDF74 /* dirpol */;
			targetProxy = 6C3E9901214C5748009FDF74 /* PBXContainerItemProxy */;
		};
/* End PBXTargetDependency section */

/* Begin PBXVariantGroup section */
		6C3E98E8214C5746009FDF74 /* Main.storyboard */ = {
			isa = PBXVariantGroup;
			children = (
				6C3E98E9214C5746009FDF74 /* Base */,
				FAC2C04C215180AD00A74FA3 /* es-419 */,
			);
			name = Main.storyboard;
			sourceTree = "<group>";
		};
		6C3E98ED214C5748009FDF74 /* LaunchScreen.storyboard */ = {
			isa = PBXVariantGroup;
			children = (
				6C3E98EE214C5748009FDF74 /* Base */,
				FAC2C04D215180AD00A74FA3 /* es-419 */,
			);
			name = LaunchScreen.storyboard;
			sourceTree = "<group>";
		};
		FAC2C04E2151810A00A74FA3 /* Localizable.strings */ = {
			isa = PBXVariantGroup;
			children = (
				FAC2C04F2151810A00A74FA3 /* Base */,
			);
			name = Localizable.strings;
			sourceTree = "<group>";
		};
/* End PBXVariantGroup section */

/* Begin XCBuildConfiguration section */
		6C3E9907214C5748009FDF74 /* Peru */ = {
			isa = XCBuildConfiguration;
			baseConfigurationReference = 8B409ACB24B57E11004ED46E /* ConfigPeru.xcconfig */;
			buildSettings = {
				ALWAYS_SEARCH_USER_PATHS = NO;
				CLANG_ANALYZER_NONNULL = YES;
				CLANG_ANALYZER_NUMBER_OBJECT_CONVERSION = YES_AGGRESSIVE;
				CLANG_CXX_LANGUAGE_STANDARD = "gnu++14";
				CLANG_CXX_LIBRARY = "libc++";
				CLANG_ENABLE_MODULES = YES;
				CLANG_ENABLE_OBJC_ARC = YES;
				CLANG_ENABLE_OBJC_WEAK = YES;
				CLANG_WARN_BLOCK_CAPTURE_AUTORELEASING = YES;
				CLANG_WARN_BOOL_CONVERSION = YES;
				CLANG_WARN_COMMA = YES;
				CLANG_WARN_CONSTANT_CONVERSION = YES;
				CLANG_WARN_DEPRECATED_OBJC_IMPLEMENTATIONS = YES;
				CLANG_WARN_DIRECT_OBJC_ISA_USAGE = YES_ERROR;
				CLANG_WARN_DOCUMENTATION_COMMENTS = YES;
				CLANG_WARN_EMPTY_BODY = YES;
				CLANG_WARN_ENUM_CONVERSION = YES;
				CLANG_WARN_INFINITE_RECURSION = YES;
				CLANG_WARN_INT_CONVERSION = YES;
				CLANG_WARN_NON_LITERAL_NULL_CONVERSION = YES;
				CLANG_WARN_OBJC_IMPLICIT_RETAIN_SELF = YES;
				CLANG_WARN_OBJC_LITERAL_CONVERSION = YES;
				CLANG_WARN_OBJC_ROOT_CLASS = YES_ERROR;
				CLANG_WARN_RANGE_LOOP_ANALYSIS = YES;
				CLANG_WARN_STRICT_PROTOTYPES = YES;
				CLANG_WARN_SUSPICIOUS_MOVE = YES;
				CLANG_WARN_UNGUARDED_AVAILABILITY = YES_AGGRESSIVE;
				CLANG_WARN_UNREACHABLE_CODE = YES;
				CLANG_WARN__DUPLICATE_METHOD_MATCH = YES;
				CODE_SIGN_IDENTITY = "iPhone Developer";
				COPY_PHASE_STRIP = NO;
				DEBUG_INFORMATION_FORMAT = dwarf;
				ENABLE_STRICT_OBJC_MSGSEND = YES;
				ENABLE_TESTABILITY = YES;
				GCC_C_LANGUAGE_STANDARD = gnu11;
				GCC_DYNAMIC_NO_PIC = NO;
				GCC_NO_COMMON_BLOCKS = YES;
				GCC_OPTIMIZATION_LEVEL = 0;
				GCC_PREPROCESSOR_DEFINITIONS = (
					"DEBUG=1",
					"$(inherited)",
				);
				GCC_WARN_64_TO_32_BIT_CONVERSION = YES;
				GCC_WARN_ABOUT_RETURN_TYPE = YES_ERROR;
				GCC_WARN_UNDECLARED_SELECTOR = YES;
				GCC_WARN_UNINITIALIZED_AUTOS = YES_AGGRESSIVE;
				GCC_WARN_UNUSED_FUNCTION = YES;
				GCC_WARN_UNUSED_VARIABLE = YES;
				IPHONEOS_DEPLOYMENT_TARGET = 11.4;
				MTL_ENABLE_DEBUG_INFO = YES;
				ONLY_ACTIVE_ARCH = YES;
				SDKROOT = iphoneos;
				SWIFT_ACTIVE_COMPILATION_CONDITIONS = DEBUG;
				SWIFT_OPTIMIZATION_LEVEL = "-Onone";
			};
			name = Peru;
		};
		6C3E9908214C5748009FDF74 /* Colombia */ = {
			isa = XCBuildConfiguration;
			baseConfigurationReference = 8B409ACC24B57E26004ED46E /* ConfigColombia.xcconfig */;
			buildSettings = {
				ALWAYS_SEARCH_USER_PATHS = NO;
				CLANG_ANALYZER_NONNULL = YES;
				CLANG_ANALYZER_NUMBER_OBJECT_CONVERSION = YES_AGGRESSIVE;
				CLANG_CXX_LANGUAGE_STANDARD = "gnu++14";
				CLANG_CXX_LIBRARY = "libc++";
				CLANG_ENABLE_MODULES = YES;
				CLANG_ENABLE_OBJC_ARC = YES;
				CLANG_ENABLE_OBJC_WEAK = YES;
				CLANG_WARN_BLOCK_CAPTURE_AUTORELEASING = YES;
				CLANG_WARN_BOOL_CONVERSION = YES;
				CLANG_WARN_COMMA = YES;
				CLANG_WARN_CONSTANT_CONVERSION = YES;
				CLANG_WARN_DEPRECATED_OBJC_IMPLEMENTATIONS = YES;
				CLANG_WARN_DIRECT_OBJC_ISA_USAGE = YES_ERROR;
				CLANG_WARN_DOCUMENTATION_COMMENTS = YES;
				CLANG_WARN_EMPTY_BODY = YES;
				CLANG_WARN_ENUM_CONVERSION = YES;
				CLANG_WARN_INFINITE_RECURSION = YES;
				CLANG_WARN_INT_CONVERSION = YES;
				CLANG_WARN_NON_LITERAL_NULL_CONVERSION = YES;
				CLANG_WARN_OBJC_IMPLICIT_RETAIN_SELF = YES;
				CLANG_WARN_OBJC_LITERAL_CONVERSION = YES;
				CLANG_WARN_OBJC_ROOT_CLASS = YES_ERROR;
				CLANG_WARN_RANGE_LOOP_ANALYSIS = YES;
				CLANG_WARN_STRICT_PROTOTYPES = YES;
				CLANG_WARN_SUSPICIOUS_MOVE = YES;
				CLANG_WARN_UNGUARDED_AVAILABILITY = YES_AGGRESSIVE;
				CLANG_WARN_UNREACHABLE_CODE = YES;
				CLANG_WARN__DUPLICATE_METHOD_MATCH = YES;
				CODE_SIGN_IDENTITY = "iPhone Developer";
				COPY_PHASE_STRIP = NO;
				DEBUG_INFORMATION_FORMAT = "dwarf-with-dsym";
				ENABLE_NS_ASSERTIONS = NO;
				ENABLE_STRICT_OBJC_MSGSEND = YES;
				GCC_C_LANGUAGE_STANDARD = gnu11;
				GCC_NO_COMMON_BLOCKS = YES;
				GCC_WARN_64_TO_32_BIT_CONVERSION = YES;
				GCC_WARN_ABOUT_RETURN_TYPE = YES_ERROR;
				GCC_WARN_UNDECLARED_SELECTOR = YES;
				GCC_WARN_UNINITIALIZED_AUTOS = YES_AGGRESSIVE;
				GCC_WARN_UNUSED_FUNCTION = YES;
				GCC_WARN_UNUSED_VARIABLE = YES;
				IPHONEOS_DEPLOYMENT_TARGET = 11.4;
				MTL_ENABLE_DEBUG_INFO = NO;
				SDKROOT = iphoneos;
				SWIFT_COMPILATION_MODE = wholemodule;
				SWIFT_OPTIMIZATION_LEVEL = "-O";
				VALIDATE_PRODUCT = YES;
			};
			name = Colombia;
		};
		6C3E990A214C5748009FDF74 /* Peru */ = {
			isa = XCBuildConfiguration;
			baseConfigurationReference = CB731EA2087CD5BCCD6C80F2 /* Pods-dirpol.peru.xcconfig */;
			buildSettings = {
				APP_NAME_DISPLAY = DIRPOLP;
				ASSETCATALOG_COMPILER_APPICON_NAME = AppIcon;
				CLANG_ENABLE_MODULES = YES;
				CODE_SIGN_STYLE = Automatic;
				DEVELOPMENT_TEAM = XYEE79Z2JZ;
				INFOPLIST_FILE = dirpol/Info.plist;
				IPHONEOS_DEPLOYMENT_TARGET = 12.0;
				LD_RUNPATH_SEARCH_PATHS = (
					"$(inherited)",
					"@executable_path/Frameworks",
				);
				PRODUCT_BUNDLE_IDENTIFIER = com.gravittas.dirpol;
				PRODUCT_NAME = DIRPOL;
				SWIFT_OBJC_BRIDGING_HEADER = "dirpol/Menu/dirpol-Bridging-Header.h";
				SWIFT_OPTIMIZATION_LEVEL = "-Onone";
				SWIFT_VERSION = 4.2;
				TARGETED_DEVICE_FAMILY = 1;
			};
			name = Peru;
		};
		6C3E990B214C5748009FDF74 /* Colombia */ = {
			isa = XCBuildConfiguration;
			baseConfigurationReference = 1AD19130C1473930038223BB /* Pods-dirpol.colombia.xcconfig */;
			buildSettings = {
				APP_NAME_DISPLAY = DIRPOLC;
				ASSETCATALOG_COMPILER_APPICON_NAME = AppIcon_CO;
				CLANG_ENABLE_MODULES = YES;
				CODE_SIGN_STYLE = Automatic;
				DEVELOPMENT_TEAM = XYEE79Z2JZ;
				INFOPLIST_FILE = dirpol/Info.plist;
				IPHONEOS_DEPLOYMENT_TARGET = 12.0;
				LD_RUNPATH_SEARCH_PATHS = (
					"$(inherited)",
					"@executable_path/Frameworks",
				);
				PRODUCT_BUNDLE_IDENTIFIER = com.gravittas.dirpol.colombia;
				PRODUCT_NAME = DIRPOL;
				SWIFT_OBJC_BRIDGING_HEADER = "dirpol/Menu/dirpol-Bridging-Header.h";
				SWIFT_OPTIMIZATION_LEVEL = "-Onone";
				SWIFT_VERSION = 4.2;
				TARGETED_DEVICE_FAMILY = 1;
			};
			name = Colombia;
		};
		6C3E990D214C5748009FDF74 /* Peru */ = {
			isa = XCBuildConfiguration;
			baseConfigurationReference = 1DBF1A2BA33935663A6946B0 /* Pods-dirpolTests.peru.xcconfig */;
			buildSettings = {
				ALWAYS_EMBED_SWIFT_STANDARD_LIBRARIES = YES;
				BUNDLE_LOADER = "$(TEST_HOST)";
				CODE_SIGN_STYLE = Automatic;
				DEVELOPMENT_TEAM = XYEE79Z2JZ;
				INFOPLIST_FILE = dirpolTests/Info.plist;
				LD_RUNPATH_SEARCH_PATHS = (
					"$(inherited)",
					"@executable_path/Frameworks",
					"@loader_path/Frameworks",
				);
				PRODUCT_BUNDLE_IDENTIFIER = com.gravittas.dirpolTests;
				PRODUCT_NAME = "$(TARGET_NAME)";
				SWIFT_VERSION = 4.0;
				TARGETED_DEVICE_FAMILY = "1,2";
				TEST_HOST = "$(BUILT_PRODUCTS_DIR)/dirpol.app/dirpol";
			};
			name = Peru;
		};
		6C3E990E214C5748009FDF74 /* Colombia */ = {
			isa = XCBuildConfiguration;
			baseConfigurationReference = FA65284E9D4A4E7DADA8CE51 /* Pods-dirpolTests.colombia.xcconfig */;
			buildSettings = {
				ALWAYS_EMBED_SWIFT_STANDARD_LIBRARIES = YES;
				BUNDLE_LOADER = "$(TEST_HOST)";
				CODE_SIGN_STYLE = Automatic;
				DEVELOPMENT_TEAM = XYEE79Z2JZ;
				INFOPLIST_FILE = dirpolTests/Info.plist;
				LD_RUNPATH_SEARCH_PATHS = (
					"$(inherited)",
					"@executable_path/Frameworks",
					"@loader_path/Frameworks",
				);
				PRODUCT_BUNDLE_IDENTIFIER = com.gravittas.dirpolTests;
				PRODUCT_NAME = "$(TARGET_NAME)";
				SWIFT_VERSION = 4.0;
				TARGETED_DEVICE_FAMILY = "1,2";
				TEST_HOST = "$(BUILT_PRODUCTS_DIR)/dirpol.app/dirpol";
			};
			name = Colombia;
		};
		6C3E9910214C5748009FDF74 /* Peru */ = {
			isa = XCBuildConfiguration;
			baseConfigurationReference = 9BDB73251C6243509590301A /* Pods-dirpol-dirpolUITests.peru.xcconfig */;
			buildSettings = {
				ALWAYS_EMBED_SWIFT_STANDARD_LIBRARIES = YES;
				CODE_SIGN_STYLE = Automatic;
				DEVELOPMENT_TEAM = XYEE79Z2JZ;
				INFOPLIST_FILE = dirpolUITests/Info.plist;
				LD_RUNPATH_SEARCH_PATHS = (
					"$(inherited)",
					"@executable_path/Frameworks",
					"@loader_path/Frameworks",
				);
				PRODUCT_BUNDLE_IDENTIFIER = com.gravittas.dirpolUITests;
				PRODUCT_NAME = "$(TARGET_NAME)";
				SWIFT_VERSION = 4.0;
				TARGETED_DEVICE_FAMILY = "1,2";
				TEST_TARGET_NAME = dirpol;
			};
			name = Peru;
		};
		6C3E9911214C5748009FDF74 /* Colombia */ = {
			isa = XCBuildConfiguration;
			baseConfigurationReference = CF5A5138F4AA5FEE0024E96A /* Pods-dirpol-dirpolUITests.colombia.xcconfig */;
			buildSettings = {
				ALWAYS_EMBED_SWIFT_STANDARD_LIBRARIES = YES;
				CODE_SIGN_STYLE = Automatic;
				DEVELOPMENT_TEAM = XYEE79Z2JZ;
				INFOPLIST_FILE = dirpolUITests/Info.plist;
				LD_RUNPATH_SEARCH_PATHS = (
					"$(inherited)",
					"@executable_path/Frameworks",
					"@loader_path/Frameworks",
				);
				PRODUCT_BUNDLE_IDENTIFIER = com.gravittas.dirpolUITests;
				PRODUCT_NAME = "$(TARGET_NAME)";
				SWIFT_VERSION = 4.0;
				TARGETED_DEVICE_FAMILY = "1,2";
				TEST_TARGET_NAME = dirpol;
			};
			name = Colombia;
		};
		8B409AC624B57AFC004ED46E /* Mexico */ = {
			isa = XCBuildConfiguration;
			baseConfigurationReference = 8B409ACD24B57E33004ED46E /* ConfigMexico.xcconfig */;
			buildSettings = {
				ALWAYS_SEARCH_USER_PATHS = NO;
				CLANG_ANALYZER_NONNULL = YES;
				CLANG_ANALYZER_NUMBER_OBJECT_CONVERSION = YES_AGGRESSIVE;
				CLANG_CXX_LANGUAGE_STANDARD = "gnu++14";
				CLANG_CXX_LIBRARY = "libc++";
				CLANG_ENABLE_MODULES = YES;
				CLANG_ENABLE_OBJC_ARC = YES;
				CLANG_ENABLE_OBJC_WEAK = YES;
				CLANG_WARN_BLOCK_CAPTURE_AUTORELEASING = YES;
				CLANG_WARN_BOOL_CONVERSION = YES;
				CLANG_WARN_COMMA = YES;
				CLANG_WARN_CONSTANT_CONVERSION = YES;
				CLANG_WARN_DEPRECATED_OBJC_IMPLEMENTATIONS = YES;
				CLANG_WARN_DIRECT_OBJC_ISA_USAGE = YES_ERROR;
				CLANG_WARN_DOCUMENTATION_COMMENTS = YES;
				CLANG_WARN_EMPTY_BODY = YES;
				CLANG_WARN_ENUM_CONVERSION = YES;
				CLANG_WARN_INFINITE_RECURSION = YES;
				CLANG_WARN_INT_CONVERSION = YES;
				CLANG_WARN_NON_LITERAL_NULL_CONVERSION = YES;
				CLANG_WARN_OBJC_IMPLICIT_RETAIN_SELF = YES;
				CLANG_WARN_OBJC_LITERAL_CONVERSION = YES;
				CLANG_WARN_OBJC_ROOT_CLASS = YES_ERROR;
				CLANG_WARN_RANGE_LOOP_ANALYSIS = YES;
				CLANG_WARN_STRICT_PROTOTYPES = YES;
				CLANG_WARN_SUSPICIOUS_MOVE = YES;
				CLANG_WARN_UNGUARDED_AVAILABILITY = YES_AGGRESSIVE;
				CLANG_WARN_UNREACHABLE_CODE = YES;
				CLANG_WARN__DUPLICATE_METHOD_MATCH = YES;
				CODE_SIGN_IDENTITY = "iPhone Developer";
				COPY_PHASE_STRIP = NO;
				DEBUG_INFORMATION_FORMAT = "dwarf-with-dsym";
				ENABLE_NS_ASSERTIONS = NO;
				ENABLE_STRICT_OBJC_MSGSEND = YES;
				GCC_C_LANGUAGE_STANDARD = gnu11;
				GCC_NO_COMMON_BLOCKS = YES;
				GCC_WARN_64_TO_32_BIT_CONVERSION = YES;
				GCC_WARN_ABOUT_RETURN_TYPE = YES_ERROR;
				GCC_WARN_UNDECLARED_SELECTOR = YES;
				GCC_WARN_UNINITIALIZED_AUTOS = YES_AGGRESSIVE;
				GCC_WARN_UNUSED_FUNCTION = YES;
				GCC_WARN_UNUSED_VARIABLE = YES;
				IPHONEOS_DEPLOYMENT_TARGET = 11.4;
				MTL_ENABLE_DEBUG_INFO = NO;
				SDKROOT = iphoneos;
				SWIFT_COMPILATION_MODE = wholemodule;
				SWIFT_OPTIMIZATION_LEVEL = "-O";
				VALIDATE_PRODUCT = YES;
			};
			name = Mexico;
		};
		8B409AC724B57AFC004ED46E /* Mexico */ = {
			isa = XCBuildConfiguration;
			baseConfigurationReference = 90B03790D0990D7E4219AB21 /* Pods-dirpol.mexico.xcconfig */;
			buildSettings = {
				APP_NAME_DISPLAY = DIRPOLM;
				ASSETCATALOG_COMPILER_APPICON_NAME = AppIcon;
				CLANG_ENABLE_MODULES = YES;
				CODE_SIGN_STYLE = Automatic;
				DEVELOPMENT_TEAM = XYEE79Z2JZ;
				INFOPLIST_FILE = dirpol/Info.plist;
				IPHONEOS_DEPLOYMENT_TARGET = 12.0;
				LD_RUNPATH_SEARCH_PATHS = (
					"$(inherited)",
					"@executable_path/Frameworks",
				);
				PRODUCT_BUNDLE_IDENTIFIER = com.gravittas.dirpol.mexico;
				PRODUCT_NAME = DIRPOL;
				SWIFT_OBJC_BRIDGING_HEADER = "dirpol/Menu/dirpol-Bridging-Header.h";
				SWIFT_OPTIMIZATION_LEVEL = "-Onone";
				SWIFT_VERSION = 4.2;
				TARGETED_DEVICE_FAMILY = 1;
			};
			name = Mexico;
		};
		8B409AC824B57AFC004ED46E /* Mexico */ = {
			isa = XCBuildConfiguration;
			baseConfigurationReference = B07D7F5F9B59EC8EE5077742 /* Pods-dirpolTests.mexico.xcconfig */;
			buildSettings = {
				ALWAYS_EMBED_SWIFT_STANDARD_LIBRARIES = YES;
				BUNDLE_LOADER = "$(TEST_HOST)";
				CODE_SIGN_STYLE = Automatic;
				DEVELOPMENT_TEAM = XYEE79Z2JZ;
				INFOPLIST_FILE = dirpolTests/Info.plist;
				LD_RUNPATH_SEARCH_PATHS = (
					"$(inherited)",
					"@executable_path/Frameworks",
					"@loader_path/Frameworks",
				);
				PRODUCT_BUNDLE_IDENTIFIER = com.gravittas.dirpolTests;
				PRODUCT_NAME = "$(TARGET_NAME)";
				SWIFT_VERSION = 4.0;
				TARGETED_DEVICE_FAMILY = "1,2";
				TEST_HOST = "$(BUILT_PRODUCTS_DIR)/dirpol.app/dirpol";
			};
			name = Mexico;
		};
		8B409AC924B57AFC004ED46E /* Mexico */ = {
			isa = XCBuildConfiguration;
			baseConfigurationReference = 1FBA1CB55586885CF192B0A3 /* Pods-dirpol-dirpolUITests.mexico.xcconfig */;
			buildSettings = {
				ALWAYS_EMBED_SWIFT_STANDARD_LIBRARIES = YES;
				CODE_SIGN_STYLE = Automatic;
				DEVELOPMENT_TEAM = XYEE79Z2JZ;
				INFOPLIST_FILE = dirpolUITests/Info.plist;
				LD_RUNPATH_SEARCH_PATHS = (
					"$(inherited)",
					"@executable_path/Frameworks",
					"@loader_path/Frameworks",
				);
				PRODUCT_BUNDLE_IDENTIFIER = com.gravittas.dirpolUITests;
				PRODUCT_NAME = "$(TARGET_NAME)";
				SWIFT_VERSION = 4.0;
				TARGETED_DEVICE_FAMILY = "1,2";
				TEST_TARGET_NAME = dirpol;
			};
			name = Mexico;
		};
/* End XCBuildConfiguration section */

/* Begin XCConfigurationList section */
		6C3E98DC214C5746009FDF74 /* Build configuration list for PBXProject "dirpol" */ = {
			isa = XCConfigurationList;
			buildConfigurations = (
				6C3E9907214C5748009FDF74 /* Peru */,
				6C3E9908214C5748009FDF74 /* Colombia */,
				8B409AC624B57AFC004ED46E /* Mexico */,
			);
			defaultConfigurationIsVisible = 0;
			defaultConfigurationName = Colombia;
		};
		6C3E9909214C5748009FDF74 /* Build configuration list for PBXNativeTarget "dirpol" */ = {
			isa = XCConfigurationList;
			buildConfigurations = (
				6C3E990A214C5748009FDF74 /* Peru */,
				6C3E990B214C5748009FDF74 /* Colombia */,
				8B409AC724B57AFC004ED46E /* Mexico */,
			);
			defaultConfigurationIsVisible = 0;
			defaultConfigurationName = Colombia;
		};
		6C3E990C214C5748009FDF74 /* Build configuration list for PBXNativeTarget "dirpolTests" */ = {
			isa = XCConfigurationList;
			buildConfigurations = (
				6C3E990D214C5748009FDF74 /* Peru */,
				6C3E990E214C5748009FDF74 /* Colombia */,
				8B409AC824B57AFC004ED46E /* Mexico */,
			);
			defaultConfigurationIsVisible = 0;
			defaultConfigurationName = Colombia;
		};
		6C3E990F214C5748009FDF74 /* Build configuration list for PBXNativeTarget "dirpolUITests" */ = {
			isa = XCConfigurationList;
			buildConfigurations = (
				6C3E9910214C5748009FDF74 /* Peru */,
				6C3E9911214C5748009FDF74 /* Colombia */,
				8B409AC924B57AFC004ED46E /* Mexico */,
			);
			defaultConfigurationIsVisible = 0;
			defaultConfigurationName = Colombia;
		};
/* End XCConfigurationList section */
	};
	rootObject = 6C3E98D9214C5746009FDF74 /* Project object */;
}
