// !$*UTF8*$!
{
	archiveVersion = 1;
	classes = {
	};
	objectVersion = 50;
	objects = {

/* Begin PBXBuildFile section */
		4A2EE5683B7C13721094057B /* Pods_dirpol.framework in Frameworks */ = {isa = PBXBuildFile; fileRef = FF9EDE49EB90096899428D8D /* Pods_dirpol.framework */; };
		6C3E98E5214C5746009FDF74 /* AppDelegate.swift in Sources */ = {isa = PBXBuildFile; fileRef = 6C3E98E4214C5746009FDF74 /* AppDelegate.swift */; };
		6C3E98E7214C5746009FDF74 /* ViewController.swift in Sources */ = {isa = PBXBuildFile; fileRef = 6C3E98E6214C5746009FDF74 /* ViewController.swift */; };
		6C3E98EA214C5746009FDF74 /* Main.storyboard in Resources */ = {isa = PBXBuildFile; fileRef = 6C3E98E8214C5746009FDF74 /* Main.storyboard */; };
		6C3E98EC214C5748009FDF74 /* Assets.xcassets in Resources */ = {isa = PBXBuildFile; fileRef = 6C3E98EB214C5748009FDF74 /* Assets.xcassets */; };
		6C3E98EF214C5748009FDF74 /* LaunchScreen.storyboard in Resources */ = {isa = PBXBuildFile; fileRef = 6C3E98ED214C5748009FDF74 /* LaunchScreen.storyboard */; };
		6C3E98FA214C5748009FDF74 /* dirpolTests.swift in Sources */ = {isa = PBXBuildFile; fileRef = 6C3E98F9214C5748009FDF74 /* dirpolTests.swift */; };
		6C3E9905214C5748009FDF74 /* dirpolUITests.swift in Sources */ = {isa = PBXBuildFile; fileRef = 6C3E9904214C5748009FDF74 /* dirpolUITests.swift */; };
		BE9554394D603684738B87F2 /* Pods_dirpolTests.framework in Frameworks */ = {isa = PBXBuildFile; fileRef = 9263082E810C2440E3D76AE4 /* Pods_dirpolTests.framework */; };
		C91C97CDA6C1A693D765894E /* Pods_dirpolUITests.framework in Frameworks */ = {isa = PBXBuildFile; fileRef = 9FCB4BEBF2E7D94BAEF5A1D1 /* Pods_dirpolUITests.framework */; };
		FA43C655215C2C9700495E32 /* Servicios.swift in Sources */ = {isa = PBXBuildFile; fileRef = FA43C654215C2C9600495E32 /* Servicios.swift */; };
		FA43C658215CA0B400495E32 /* DetalleBAvanzadaVC.swift in Sources */ = {isa = PBXBuildFile; fileRef = FA43C657215CA0B400495E32 /* DetalleBAvanzadaVC.swift */; };
		FA9850C02151D162002F143D /* Contacto.storyboard in Resources */ = {isa = PBXBuildFile; fileRef = FA9850BF2151D162002F143D /* Contacto.storyboard */; };
		FA9850C22151D3FD002F143D /* AltoMandoPolicialVC.swift in Sources */ = {isa = PBXBuildFile; fileRef = FA9850C12151D3FD002F143D /* AltoMandoPolicialVC.swift */; };
		FA9850C421521AF7002F143D /* BusquedaAvanzadaVC.swift in Sources */ = {isa = PBXBuildFile; fileRef = FA9850C321521AF7002F143D /* BusquedaAvanzadaVC.swift */; };
		FA9850C621521EE2002F143D /* PanelUsuarioVC.swift in Sources */ = {isa = PBXBuildFile; fileRef = FA9850C521521EE2002F143D /* PanelUsuarioVC.swift */; };
		FA9850C821529F8B002F143D /* DetalleBusquedaVC.swift in Sources */ = {isa = PBXBuildFile; fileRef = FA9850C721529F8B002F143D /* DetalleBusquedaVC.swift */; };
		FA9850CB2152D50C002F143D /* ViewRegionesMapa.swift in Sources */ = {isa = PBXBuildFile; fileRef = FA9850CA2152D50C002F143D /* ViewRegionesMapa.swift */; };
		FA9850CE215347B9002F143D /* ViewBusquedaUno.swift in Sources */ = {isa = PBXBuildFile; fileRef = FA9850CD215347B9002F143D /* ViewBusquedaUno.swift */; };
		FA9850D02153486D002F143D /* ViewDirectorio.swift in Sources */ = {isa = PBXBuildFile; fileRef = FA9850CF2153486D002F143D /* ViewDirectorio.swift */; };
		FA9850D22153F1AE002F143D /* ViewProvInstitucion.swift in Sources */ = {isa = PBXBuildFile; fileRef = FA9850D12153F1AE002F143D /* ViewProvInstitucion.swift */; };
		FA9850D4215565EC002F143D /* ModeloServicios.swift in Sources */ = {isa = PBXBuildFile; fileRef = FA9850D3215565EC002F143D /* ModeloServicios.swift */; };
		FA9CD34D215739290032174B /* ViewMarcker.xib in Resources */ = {isa = PBXBuildFile; fileRef = FA9CD34C215739290032174B /* ViewMarcker.xib */; };
		FA9CD34F21573B340032174B /* ViewMarcker.swift in Sources */ = {isa = PBXBuildFile; fileRef = FA9CD34E21573B340032174B /* ViewMarcker.swift */; };
		FA9CD3532159EBB60032174B /* Utileria.swift in Sources */ = {isa = PBXBuildFile; fileRef = FA9CD3522159EBB60032174B /* Utileria.swift */; };
		FA9CD355215B40420032174B /* ViewBusquedaDos.swift in Sources */ = {isa = PBXBuildFile; fileRef = FA9CD354215B40420032174B /* ViewBusquedaDos.swift */; };
		FAC2C025215032FE00A74FA3 /* Extenciones.swift in Sources */ = {isa = PBXBuildFile; fileRef = FAC2C024215032FE00A74FA3 /* Extenciones.swift */; };
		FAC2C0272150333100A74FA3 /* Tema.swift in Sources */ = {isa = PBXBuildFile; fileRef = FAC2C0262150333000A74FA3 /* Tema.swift */; };
		FAC2C02B2150572800A74FA3 /* Constantes.swift in Sources */ = {isa = PBXBuildFile; fileRef = FAC2C02A2150572800A74FA3 /* Constantes.swift */; };
		FAC2C02D2150573200A74FA3 /* Variables.swift in Sources */ = {isa = PBXBuildFile; fileRef = FAC2C02C2150573200A74FA3 /* Variables.swift */; };
		FAC2C02F2150574400A74FA3 /* Metodos.swift in Sources */ = {isa = PBXBuildFile; fileRef = FAC2C02E2150574300A74FA3 /* Metodos.swift */; };
		FAC2C0342150822B00A74FA3 /* RecuperarVC.swift in Sources */ = {isa = PBXBuildFile; fileRef = FAC2C0332150822B00A74FA3 /* RecuperarVC.swift */; };
		FAC2C0362150828300A74FA3 /* IniciarSesionVC.swift in Sources */ = {isa = PBXBuildFile; fileRef = FAC2C0352150828300A74FA3 /* IniciarSesionVC.swift */; };
		FAC2C0382150C04900A74FA3 /* Buscar.storyboard in Resources */ = {isa = PBXBuildFile; fileRef = FAC2C0372150C04900A74FA3 /* Buscar.storyboard */; };
		FAC2C03B2150C18700A74FA3 /* ContactoVC.swift in Sources */ = {isa = PBXBuildFile; fileRef = FAC2C03A2150C18700A74FA3 /* ContactoVC.swift */; };
		FAC2C03D2150C4E400A74FA3 /* ListadoTemaVC.swift in Sources */ = {isa = PBXBuildFile; fileRef = FAC2C03C2150C4E400A74FA3 /* ListadoTemaVC.swift */; };
		FAC2C03F21514E8500A74FA3 /* MenuVC.swift in Sources */ = {isa = PBXBuildFile; fileRef = FAC2C03E21514E8500A74FA3 /* MenuVC.swift */; };
		FAC2C04221517CFD00A74FA3 /* Textos.swift in Sources */ = {isa = PBXBuildFile; fileRef = FAC2C04121517CFC00A74FA3 /* Textos.swift */; };
		FAC2C0502151810A00A74FA3 /* Localizable.strings in Resources */ = {isa = PBXBuildFile; fileRef = FAC2C04E2151810A00A74FA3 /* Localizable.strings */; };
		FAC2C0532151825E00A74FA3 /* InicioVC.swift in Sources */ = {isa = PBXBuildFile; fileRef = FAC2C0522151825E00A74FA3 /* InicioVC.swift */; };
		FAC2C0562151A6DD00A74FA3 /* CollMenu.swift in Sources */ = {isa = PBXBuildFile; fileRef = FAC2C0542151A6DC00A74FA3 /* CollMenu.swift */; };
		FAC2C0572151A6DD00A74FA3 /* CellMenu.swift in Sources */ = {isa = PBXBuildFile; fileRef = FAC2C0552151A6DD00A74FA3 /* CellMenu.swift */; };
		FAC2C05A2151BF6700A74FA3 /* AcercaDeVC.swift in Sources */ = {isa = PBXBuildFile; fileRef = FAC2C0592151BF6700A74FA3 /* AcercaDeVC.swift */; };
/* End PBXBuildFile section */

/* Begin PBXContainerItemProxy section */
		6C3E98F6214C5748009FDF74 /* PBXContainerItemProxy */ = {
			isa = PBXContainerItemProxy;
			containerPortal = 6C3E98D9214C5746009FDF74 /* Project object */;
			proxyType = 1;
			remoteGlobalIDString = 6C3E98E0214C5746009FDF74;
			remoteInfo = dirpol;
		};
		6C3E9901214C5748009FDF74 /* PBXContainerItemProxy */ = {
			isa = PBXContainerItemProxy;
			containerPortal = 6C3E98D9214C5746009FDF74 /* Project object */;
			proxyType = 1;
			remoteGlobalIDString = 6C3E98E0214C5746009FDF74;
			remoteInfo = dirpol;
		};
/* End PBXContainerItemProxy section */

/* Begin PBXFileReference section */
		21AD99D1E4FB36CE559D3E08 /* Pods-dirpolUITests.release.xcconfig */ = {isa = PBXFileReference; includeInIndex = 1; lastKnownFileType = text.xcconfig; name = "Pods-dirpolUITests.release.xcconfig"; path = "Pods/Target Support Files/Pods-dirpolUITests/Pods-dirpolUITests.release.xcconfig"; sourceTree = "<group>"; };
		23E12D3A3BDCA4A915FCC1D7 /* Pods-dirpolTests.debug.xcconfig */ = {isa = PBXFileReference; includeInIndex = 1; lastKnownFileType = text.xcconfig; name = "Pods-dirpolTests.debug.xcconfig"; path = "Pods/Target Support Files/Pods-dirpolTests/Pods-dirpolTests.debug.xcconfig"; sourceTree = "<group>"; };
		42280B81768CDC12E7BFC9C1 /* Pods-dirpol.debug.xcconfig */ = {isa = PBXFileReference; includeInIndex = 1; lastKnownFileType = text.xcconfig; name = "Pods-dirpol.debug.xcconfig"; path = "Pods/Target Support Files/Pods-dirpol/Pods-dirpol.debug.xcconfig"; sourceTree = "<group>"; };
		6C3E98E1214C5746009FDF74 /* DIRPOL.app */ = {isa = PBXFileReference; explicitFileType = wrapper.application; includeInIndex = 0; path = DIRPOL.app; sourceTree = BUILT_PRODUCTS_DIR; };
		6C3E98E4214C5746009FDF74 /* AppDelegate.swift */ = {isa = PBXFileReference; lastKnownFileType = sourcecode.swift; path = AppDelegate.swift; sourceTree = "<group>"; };
		6C3E98E6214C5746009FDF74 /* ViewController.swift */ = {isa = PBXFileReference; lastKnownFileType = sourcecode.swift; path = ViewController.swift; sourceTree = "<group>"; };
		6C3E98E9214C5746009FDF74 /* Base */ = {isa = PBXFileReference; lastKnownFileType = file.storyboard; name = Base; path = Base.lproj/Main.storyboard; sourceTree = "<group>"; };
		6C3E98EB214C5748009FDF74 /* Assets.xcassets */ = {isa = PBXFileReference; lastKnownFileType = folder.assetcatalog; path = Assets.xcassets; sourceTree = "<group>"; };
		6C3E98EE214C5748009FDF74 /* Base */ = {isa = PBXFileReference; lastKnownFileType = file.storyboard; name = Base; path = Base.lproj/LaunchScreen.storyboard; sourceTree = "<group>"; };
		6C3E98F0214C5748009FDF74 /* Info.plist */ = {isa = PBXFileReference; lastKnownFileType = text.plist.xml; path = Info.plist; sourceTree = "<group>"; };
		6C3E98F5214C5748009FDF74 /* dirpolTests.xctest */ = {isa = PBXFileReference; explicitFileType = wrapper.cfbundle; includeInIndex = 0; path = dirpolTests.xctest; sourceTree = BUILT_PRODUCTS_DIR; };
		6C3E98F9214C5748009FDF74 /* dirpolTests.swift */ = {isa = PBXFileReference; lastKnownFileType = sourcecode.swift; path = dirpolTests.swift; sourceTree = "<group>"; };
		6C3E98FB214C5748009FDF74 /* Info.plist */ = {isa = PBXFileReference; lastKnownFileType = text.plist.xml; path = Info.plist; sourceTree = "<group>"; };
		6C3E9900214C5748009FDF74 /* dirpolUITests.xctest */ = {isa = PBXFileReference; explicitFileType = wrapper.cfbundle; includeInIndex = 0; path = dirpolUITests.xctest; sourceTree = BUILT_PRODUCTS_DIR; };
		6C3E9904214C5748009FDF74 /* dirpolUITests.swift */ = {isa = PBXFileReference; lastKnownFileType = sourcecode.swift; path = dirpolUITests.swift; sourceTree = "<group>"; };
		6C3E9906214C5748009FDF74 /* Info.plist */ = {isa = PBXFileReference; lastKnownFileType = text.plist.xml; path = Info.plist; sourceTree = "<group>"; };
		80A7DDB1983A89542503EA9E /* Pods-dirpol.release.xcconfig */ = {isa = PBXFileReference; includeInIndex = 1; lastKnownFileType = text.xcconfig; name = "Pods-dirpol.release.xcconfig"; path = "Pods/Target Support Files/Pods-dirpol/Pods-dirpol.release.xcconfig"; sourceTree = "<group>"; };
		9263082E810C2440E3D76AE4 /* Pods_dirpolTests.framework */ = {isa = PBXFileReference; explicitFileType = wrapper.framework; includeInIndex = 0; path = Pods_dirpolTests.framework; sourceTree = BUILT_PRODUCTS_DIR; };
		941BF69C99F0BEBE1A6A5C01 /* Pods-dirpolTests.release.xcconfig */ = {isa = PBXFileReference; includeInIndex = 1; lastKnownFileType = text.xcconfig; name = "Pods-dirpolTests.release.xcconfig"; path = "Pods/Target Support Files/Pods-dirpolTests/Pods-dirpolTests.release.xcconfig"; sourceTree = "<group>"; };
		9FCB4BEBF2E7D94BAEF5A1D1 /* Pods_dirpolUITests.framework */ = {isa = PBXFileReference; explicitFileType = wrapper.framework; includeInIndex = 0; path = Pods_dirpolUITests.framework; sourceTree = BUILT_PRODUCTS_DIR; };
		E5AE02951DD073885AB2F2FE /* Pods-dirpolUITests.debug.xcconfig */ = {isa = PBXFileReference; includeInIndex = 1; lastKnownFileType = text.xcconfig; name = "Pods-dirpolUITests.debug.xcconfig"; path = "Pods/Target Support Files/Pods-dirpolUITests/Pods-dirpolUITests.debug.xcconfig"; sourceTree = "<group>"; };
		FA43C654215C2C9600495E32 /* Servicios.swift */ = {isa = PBXFileReference; fileEncoding = 4; lastKnownFileType = sourcecode.swift; path = Servicios.swift; sourceTree = "<group>"; };
		FA43C657215CA0B400495E32 /* DetalleBAvanzadaVC.swift */ = {isa = PBXFileReference; lastKnownFileType = sourcecode.swift; path = DetalleBAvanzadaVC.swift; sourceTree = "<group>"; };
		FA9850BF2151D162002F143D /* Contacto.storyboard */ = {isa = PBXFileReference; lastKnownFileType = file.storyboard; path = Contacto.storyboard; sourceTree = "<group>"; };
		FA9850C12151D3FD002F143D /* AltoMandoPolicialVC.swift */ = {isa = PBXFileReference; lastKnownFileType = sourcecode.swift; path = AltoMandoPolicialVC.swift; sourceTree = "<group>"; };
		FA9850C321521AF7002F143D /* BusquedaAvanzadaVC.swift */ = {isa = PBXFileReference; lastKnownFileType = sourcecode.swift; path = BusquedaAvanzadaVC.swift; sourceTree = "<group>"; };
		FA9850C521521EE2002F143D /* PanelUsuarioVC.swift */ = {isa = PBXFileReference; lastKnownFileType = sourcecode.swift; path = PanelUsuarioVC.swift; sourceTree = "<group>"; };
		FA9850C721529F8B002F143D /* DetalleBusquedaVC.swift */ = {isa = PBXFileReference; lastKnownFileType = sourcecode.swift; path = DetalleBusquedaVC.swift; sourceTree = "<group>"; };
		FA9850CA2152D50C002F143D /* ViewRegionesMapa.swift */ = {isa = PBXFileReference; lastKnownFileType = sourcecode.swift; path = ViewRegionesMapa.swift; sourceTree = "<group>"; };
		FA9850CD215347B9002F143D /* ViewBusquedaUno.swift */ = {isa = PBXFileReference; lastKnownFileType = sourcecode.swift; name = ViewBusquedaUno.swift; path = "../New Group1/ViewBusquedaUno.swift"; sourceTree = "<group>"; };
		FA9850CF2153486D002F143D /* ViewDirectorio.swift */ = {isa = PBXFileReference; lastKnownFileType = sourcecode.swift; path = ViewDirectorio.swift; sourceTree = "<group>"; };
		FA9850D12153F1AE002F143D /* ViewProvInstitucion.swift */ = {isa = PBXFileReference; lastKnownFileType = sourcecode.swift; path = ViewProvInstitucion.swift; sourceTree = "<group>"; };
		FA9850D3215565EC002F143D /* ModeloServicios.swift */ = {isa = PBXFileReference; lastKnownFileType = sourcecode.swift; path = ModeloServicios.swift; sourceTree = "<group>"; };
		FA9CD34C215739290032174B /* ViewMarcker.xib */ = {isa = PBXFileReference; lastKnownFileType = file.xib; path = ViewMarcker.xib; sourceTree = "<group>"; };
		FA9CD34E21573B340032174B /* ViewMarcker.swift */ = {isa = PBXFileReference; lastKnownFileType = sourcecode.swift; path = ViewMarcker.swift; sourceTree = "<group>"; };
		FA9CD3522159EBB60032174B /* Utileria.swift */ = {isa = PBXFileReference; fileEncoding = 4; lastKnownFileType = sourcecode.swift; path = Utileria.swift; sourceTree = "<group>"; };
		FA9CD354215B40420032174B /* ViewBusquedaDos.swift */ = {isa = PBXFileReference; lastKnownFileType = sourcecode.swift; path = ViewBusquedaDos.swift; sourceTree = "<group>"; };
		FAC2C024215032FE00A74FA3 /* Extenciones.swift */ = {isa = PBXFileReference; fileEncoding = 4; lastKnownFileType = sourcecode.swift; path = Extenciones.swift; sourceTree = "<group>"; };
		FAC2C0262150333000A74FA3 /* Tema.swift */ = {isa = PBXFileReference; fileEncoding = 4; lastKnownFileType = sourcecode.swift; path = Tema.swift; sourceTree = "<group>"; };
		FAC2C02A2150572800A74FA3 /* Constantes.swift */ = {isa = PBXFileReference; fileEncoding = 4; lastKnownFileType = sourcecode.swift; path = Constantes.swift; sourceTree = "<group>"; };
		FAC2C02C2150573200A74FA3 /* Variables.swift */ = {isa = PBXFileReference; fileEncoding = 4; lastKnownFileType = sourcecode.swift; path = Variables.swift; sourceTree = "<group>"; };
		FAC2C02E2150574300A74FA3 /* Metodos.swift */ = {isa = PBXFileReference; fileEncoding = 4; lastKnownFileType = sourcecode.swift; path = Metodos.swift; sourceTree = "<group>"; };
		FAC2C0332150822B00A74FA3 /* RecuperarVC.swift */ = {isa = PBXFileReference; lastKnownFileType = sourcecode.swift; path = RecuperarVC.swift; sourceTree = "<group>"; };
		FAC2C0352150828300A74FA3 /* IniciarSesionVC.swift */ = {isa = PBXFileReference; lastKnownFileType = sourcecode.swift; path = IniciarSesionVC.swift; sourceTree = "<group>"; };
		FAC2C0372150C04900A74FA3 /* Buscar.storyboard */ = {isa = PBXFileReference; lastKnownFileType = file.storyboard; path = Buscar.storyboard; sourceTree = "<group>"; };
		FAC2C03A2150C18700A74FA3 /* ContactoVC.swift */ = {isa = PBXFileReference; lastKnownFileType = sourcecode.swift; path = ContactoVC.swift; sourceTree = "<group>"; };
		FAC2C03C2150C4E400A74FA3 /* ListadoTemaVC.swift */ = {isa = PBXFileReference; lastKnownFileType = sourcecode.swift; path = ListadoTemaVC.swift; sourceTree = "<group>"; };
		FAC2C03E21514E8500A74FA3 /* MenuVC.swift */ = {isa = PBXFileReference; lastKnownFileType = sourcecode.swift; path = MenuVC.swift; sourceTree = "<group>"; };
		FAC2C04121517CFC00A74FA3 /* Textos.swift */ = {isa = PBXFileReference; fileEncoding = 4; lastKnownFileType = sourcecode.swift; path = Textos.swift; sourceTree = "<group>"; };
		FAC2C04C215180AD00A74FA3 /* es-419 */ = {isa = PBXFileReference; lastKnownFileType = text.plist.strings; name = "es-419"; path = "es-419.lproj/Main.strings"; sourceTree = "<group>"; };
		FAC2C04D215180AD00A74FA3 /* es-419 */ = {isa = PBXFileReference; lastKnownFileType = text.plist.strings; name = "es-419"; path = "es-419.lproj/LaunchScreen.strings"; sourceTree = "<group>"; };
		FAC2C04F2151810A00A74FA3 /* Base */ = {isa = PBXFileReference; lastKnownFileType = text.plist.strings; name = Base; path = Base.lproj/Localizable.strings; sourceTree = "<group>"; };
		FAC2C0522151825E00A74FA3 /* InicioVC.swift */ = {isa = PBXFileReference; lastKnownFileType = sourcecode.swift; path = InicioVC.swift; sourceTree = "<group>"; };
		FAC2C0542151A6DC00A74FA3 /* CollMenu.swift */ = {isa = PBXFileReference; fileEncoding = 4; lastKnownFileType = sourcecode.swift; path = CollMenu.swift; sourceTree = "<group>"; };
		FAC2C0552151A6DD00A74FA3 /* CellMenu.swift */ = {isa = PBXFileReference; fileEncoding = 4; lastKnownFileType = sourcecode.swift; path = CellMenu.swift; sourceTree = "<group>"; };
		FAC2C0592151BF6700A74FA3 /* AcercaDeVC.swift */ = {isa = PBXFileReference; lastKnownFileType = sourcecode.swift; path = AcercaDeVC.swift; sourceTree = "<group>"; };
		FF9EDE49EB90096899428D8D /* Pods_dirpol.framework */ = {isa = PBXFileReference; explicitFileType = wrapper.framework; includeInIndex = 0; path = Pods_dirpol.framework; sourceTree = BUILT_PRODUCTS_DIR; };
/* End PBXFileReference section */

/* Begin PBXFrameworksBuildPhase section */
		6C3E98DE214C5746009FDF74 /* Frameworks */ = {
			isa = PBXFrameworksBuildPhase;
			buildActionMask = 2147483647;
			files = (
				4A2EE5683B7C13721094057B /* Pods_dirpol.framework in Frameworks */,
			);
			runOnlyForDeploymentPostprocessing = 0;
		};
		6C3E98F2214C5748009FDF74 /* Frameworks */ = {
			isa = PBXFrameworksBuildPhase;
			buildActionMask = 2147483647;
			files = (
				BE9554394D603684738B87F2 /* Pods_dirpolTests.framework in Frameworks */,
			);
			runOnlyForDeploymentPostprocessing = 0;
		};
		6C3E98FD214C5748009FDF74 /* Frameworks */ = {
			isa = PBXFrameworksBuildPhase;
			buildActionMask = 2147483647;
			files = (
				C91C97CDA6C1A693D765894E /* Pods_dirpolUITests.framework in Frameworks */,
			);
			runOnlyForDeploymentPostprocessing = 0;
		};
/* End PBXFrameworksBuildPhase section */

/* Begin PBXGroup section */
		6C3E98D8214C5746009FDF74 = {
			isa = PBXGroup;
			children = (
				6C3E98E3214C5746009FDF74 /* dirpol */,
				6C3E98F8214C5748009FDF74 /* dirpolTests */,
				6C3E9903214C5748009FDF74 /* dirpolUITests */,
				6C3E98E2214C5746009FDF74 /* Products */,
				B08BF0283E6B48FD4868C5D9 /* Pods */,
				6D7AF39B7719E9D37A3B9FB4 /* Frameworks */,
			);
			sourceTree = "<group>";
		};
		6C3E98E2214C5746009FDF74 /* Products */ = {
			isa = PBXGroup;
			children = (
				6C3E98E1214C5746009FDF74 /* DIRPOL.app */,
				6C3E98F5214C5748009FDF74 /* dirpolTests.xctest */,
				6C3E9900214C5748009FDF74 /* dirpolUITests.xctest */,
			);
			name = Products;
			sourceTree = "<group>";
		};
		6C3E98E3214C5746009FDF74 /* dirpol */ = {
			isa = PBXGroup;
			children = (
				FAC2C04021517CE200A74FA3 /* Textos */,
				FAC2C0292150570E00A74FA3 /* Modelos */,
				FAC2C0282150570100A74FA3 /* Servicios */,
				FAC2C0232150322B00A74FA3 /* Utileria */,
				FAC2C030215069E900A74FA3 /* Aplicacion */,
				6C3E98E4214C5746009FDF74 /* AppDelegate.swift */,
				6C3E98E6214C5746009FDF74 /* ViewController.swift */,
				6C3E98E8214C5746009FDF74 /* Main.storyboard */,
				6C3E98EB214C5748009FDF74 /* Assets.xcassets */,
				6C3E98ED214C5748009FDF74 /* LaunchScreen.storyboard */,
				6C3E98F0214C5748009FDF74 /* Info.plist */,
			);
			path = dirpol;
			sourceTree = "<group>";
		};
		6C3E98F8214C5748009FDF74 /* dirpolTests */ = {
			isa = PBXGroup;
			children = (
				6C3E98F9214C5748009FDF74 /* dirpolTests.swift */,
				6C3E98FB214C5748009FDF74 /* Info.plist */,
			);
			path = dirpolTests;
			sourceTree = "<group>";
		};
		6C3E9903214C5748009FDF74 /* dirpolUITests */ = {
			isa = PBXGroup;
			children = (
				6C3E9904214C5748009FDF74 /* dirpolUITests.swift */,
				6C3E9906214C5748009FDF74 /* Info.plist */,
			);
			path = dirpolUITests;
			sourceTree = "<group>";
		};
		6D7AF39B7719E9D37A3B9FB4 /* Frameworks */ = {
			isa = PBXGroup;
			children = (
				FF9EDE49EB90096899428D8D /* Pods_dirpol.framework */,
				9263082E810C2440E3D76AE4 /* Pods_dirpolTests.framework */,
				9FCB4BEBF2E7D94BAEF5A1D1 /* Pods_dirpolUITests.framework */,
			);
			name = Frameworks;
			sourceTree = "<group>";
		};
		B08BF0283E6B48FD4868C5D9 /* Pods */ = {
			isa = PBXGroup;
			children = (
				42280B81768CDC12E7BFC9C1 /* Pods-dirpol.debug.xcconfig */,
				80A7DDB1983A89542503EA9E /* Pods-dirpol.release.xcconfig */,
				23E12D3A3BDCA4A915FCC1D7 /* Pods-dirpolTests.debug.xcconfig */,
				941BF69C99F0BEBE1A6A5C01 /* Pods-dirpolTests.release.xcconfig */,
				E5AE02951DD073885AB2F2FE /* Pods-dirpolUITests.debug.xcconfig */,
				21AD99D1E4FB36CE559D3E08 /* Pods-dirpolUITests.release.xcconfig */,
			);
			name = Pods;
			sourceTree = "<group>";
		};
		FA43C656215CA08800495E32 /* BusquedaAvanzada */ = {
			isa = PBXGroup;
			children = (
				FA9850C321521AF7002F143D /* BusquedaAvanzadaVC.swift */,
				FA43C657215CA0B400495E32 /* DetalleBAvanzadaVC.swift */,
			);
			path = BusquedaAvanzada;
			sourceTree = "<group>";
		};
		FA43C659215DD59900495E32 /* Busqueda */ = {
			isa = PBXGroup;
			children = (
				FA9CD354215B40420032174B /* ViewBusquedaDos.swift */,
				FA9850CD215347B9002F143D /* ViewBusquedaUno.swift */,
			);
			path = Busqueda;
			sourceTree = "<group>";
		};
		FA43C65A215DD5B400495E32 /* Directorio */ = {
			isa = PBXGroup;
			children = (
				FA9850CF2153486D002F143D /* ViewDirectorio.swift */,
			);
			path = Directorio;
			sourceTree = "<group>";
		};
		FA9850CC2152D511002F143D /* ViewsInicio */ = {
			isa = PBXGroup;
			children = (
			);
			name = ViewsInicio;
			path = "New Group";
			sourceTree = "<group>";
		};
		FA9CD35021573E880032174B /* xibMarker */ = {
			isa = PBXGroup;
			children = (
				FA9CD34C215739290032174B /* ViewMarcker.xib */,
				FA9CD34E21573B340032174B /* ViewMarcker.swift */,
			);
			path = xibMarker;
			sourceTree = "<group>";
		};
		FA9CD35121573EC00032174B /* Region */ = {
			isa = PBXGroup;
			children = (
				FA9850D12153F1AE002F143D /* ViewProvInstitucion.swift */,
				FA9850CA2152D50C002F143D /* ViewRegionesMapa.swift */,
				FA9CD35021573E880032174B /* xibMarker */,
			);
			path = Region;
			sourceTree = "<group>";
		};
		FAC2C0232150322B00A74FA3 /* Utileria */ = {
			isa = PBXGroup;
			children = (
				FA9CD3522159EBB60032174B /* Utileria.swift */,
				FAC2C0552151A6DD00A74FA3 /* CellMenu.swift */,
				FAC2C0542151A6DC00A74FA3 /* CollMenu.swift */,
				FAC2C02E2150574300A74FA3 /* Metodos.swift */,
				FAC2C02C2150573200A74FA3 /* Variables.swift */,
				FAC2C02A2150572800A74FA3 /* Constantes.swift */,
				FAC2C0262150333000A74FA3 /* Tema.swift */,
				FAC2C024215032FE00A74FA3 /* Extenciones.swift */,
			);
			path = Utileria;
			sourceTree = "<group>";
		};
		FAC2C0282150570100A74FA3 /* Servicios */ = {
			isa = PBXGroup;
			children = (
				FA43C654215C2C9600495E32 /* Servicios.swift */,
			);
			path = Servicios;
			sourceTree = "<group>";
		};
		FAC2C0292150570E00A74FA3 /* Modelos */ = {
			isa = PBXGroup;
			children = (
				FA9850D3215565EC002F143D /* ModeloServicios.swift */,
			);
			path = Modelos;
			sourceTree = "<group>";
		};
		FAC2C030215069E900A74FA3 /* Aplicacion */ = {
			isa = PBXGroup;
			children = (
				FAC2C0582151BF4D00A74FA3 /* AcercaDe */,
				FAC2C03221506A0800A74FA3 /* Home */,
				FAC2C03121506A0000A74FA3 /* InicioSesion */,
			);
			path = Aplicacion;
			sourceTree = "<group>";
		};
		FAC2C03121506A0000A74FA3 /* InicioSesion */ = {
			isa = PBXGroup;
			children = (
				FAC2C0332150822B00A74FA3 /* RecuperarVC.swift */,
				FAC2C0352150828300A74FA3 /* IniciarSesionVC.swift */,
			);
			path = InicioSesion;
			sourceTree = "<group>";
		};
		FAC2C03221506A0800A74FA3 /* Home */ = {
			isa = PBXGroup;
			children = (
				FA43C65A215DD5B400495E32 /* Directorio */,
				FA43C659215DD59900495E32 /* Busqueda */,
				FA43C656215CA08800495E32 /* BusquedaAvanzada */,
				FA9CD35121573EC00032174B /* Region */,
				FA9850CC2152D511002F143D /* ViewsInicio */,
				FAC2C0372150C04900A74FA3 /* Buscar.storyboard */,
				FAC2C03E21514E8500A74FA3 /* MenuVC.swift */,
				FAC2C0522151825E00A74FA3 /* InicioVC.swift */,
				FA9850C12151D3FD002F143D /* AltoMandoPolicialVC.swift */,
				FA9850C721529F8B002F143D /* DetalleBusquedaVC.swift */,
			);
			path = Home;
			sourceTree = "<group>";
		};
		FAC2C04021517CE200A74FA3 /* Textos */ = {
			isa = PBXGroup;
			children = (
				FAC2C04121517CFC00A74FA3 /* Textos.swift */,
				FAC2C04E2151810A00A74FA3 /* Localizable.strings */,
			);
			path = Textos;
			sourceTree = "<group>";
		};
		FAC2C0582151BF4D00A74FA3 /* AcercaDe */ = {
			isa = PBXGroup;
			children = (
				FA9850C521521EE2002F143D /* PanelUsuarioVC.swift */,
				FAC2C03A2150C18700A74FA3 /* ContactoVC.swift */,
				FAC2C03C2150C4E400A74FA3 /* ListadoTemaVC.swift */,
				FAC2C0592151BF6700A74FA3 /* AcercaDeVC.swift */,
				FA9850BF2151D162002F143D /* Contacto.storyboard */,
			);
			path = AcercaDe;
			sourceTree = "<group>";
		};
/* End PBXGroup section */

/* Begin PBXNativeTarget section */
		6C3E98E0214C5746009FDF74 /* dirpol */ = {
			isa = PBXNativeTarget;
			buildConfigurationList = 6C3E9909214C5748009FDF74 /* Build configuration list for PBXNativeTarget "dirpol" */;
			buildPhases = (
				48633A3BE2527BC18283602F /* [CP] Check Pods Manifest.lock */,
				6C3E98DD214C5746009FDF74 /* Sources */,
				6C3E98DE214C5746009FDF74 /* Frameworks */,
				6C3E98DF214C5746009FDF74 /* Resources */,
				1048BA42538579B28DC569A0 /* [CP] Embed Pods Frameworks */,
				9E12CF58AF3417378321C289 /* [CP] Copy Pods Resources */,
			);
			buildRules = (
			);
			dependencies = (
			);
			name = dirpol;
			productName = dirpol;
			productReference = 6C3E98E1214C5746009FDF74 /* DIRPOL.app */;
			productType = "com.apple.product-type.application";
		};
		6C3E98F4214C5748009FDF74 /* dirpolTests */ = {
			isa = PBXNativeTarget;
			buildConfigurationList = 6C3E990C214C5748009FDF74 /* Build configuration list for PBXNativeTarget "dirpolTests" */;
			buildPhases = (
				005C55028054479E87E9C404 /* [CP] Check Pods Manifest.lock */,
				6C3E98F1214C5748009FDF74 /* Sources */,
				6C3E98F2214C5748009FDF74 /* Frameworks */,
				6C3E98F3214C5748009FDF74 /* Resources */,
			);
			buildRules = (
			);
			dependencies = (
				6C3E98F7214C5748009FDF74 /* PBXTargetDependency */,
			);
			name = dirpolTests;
			productName = dirpolTests;
			productReference = 6C3E98F5214C5748009FDF74 /* dirpolTests.xctest */;
			productType = "com.apple.product-type.bundle.unit-test";
		};
		6C3E98FF214C5748009FDF74 /* dirpolUITests */ = {
			isa = PBXNativeTarget;
			buildConfigurationList = 6C3E990F214C5748009FDF74 /* Build configuration list for PBXNativeTarget "dirpolUITests" */;
			buildPhases = (
				5968C523A17072C4B2DADD87 /* [CP] Check Pods Manifest.lock */,
				6C3E98FC214C5748009FDF74 /* Sources */,
				6C3E98FD214C5748009FDF74 /* Frameworks */,
				6C3E98FE214C5748009FDF74 /* Resources */,
			);
			buildRules = (
			);
			dependencies = (
				6C3E9902214C5748009FDF74 /* PBXTargetDependency */,
			);
			name = dirpolUITests;
			productName = dirpolUITests;
			productReference = 6C3E9900214C5748009FDF74 /* dirpolUITests.xctest */;
			productType = "com.apple.product-type.bundle.ui-testing";
		};
/* End PBXNativeTarget section */

/* Begin PBXProject section */
		6C3E98D9214C5746009FDF74 /* Project object */ = {
			isa = PBXProject;
			attributes = {
				LastSwiftUpdateCheck = 0940;
				LastUpgradeCheck = 0940;
				ORGANIZATIONNAME = gravittas;
				TargetAttributes = {
					6C3E98E0214C5746009FDF74 = {
						CreatedOnToolsVersion = 9.4.1;
					};
					6C3E98F4214C5748009FDF74 = {
						CreatedOnToolsVersion = 9.4.1;
						TestTargetID = 6C3E98E0214C5746009FDF74;
					};
					6C3E98FF214C5748009FDF74 = {
						CreatedOnToolsVersion = 9.4.1;
						TestTargetID = 6C3E98E0214C5746009FDF74;
					};
				};
			};
			buildConfigurationList = 6C3E98DC214C5746009FDF74 /* Build configuration list for PBXProject "dirpol" */;
			compatibilityVersion = "Xcode 9.3";
			developmentRegion = en;
			hasScannedForEncodings = 0;
			knownRegions = (
				en,
				Base,
				"es-419",
			);
			mainGroup = 6C3E98D8214C5746009FDF74;
			productRefGroup = 6C3E98E2214C5746009FDF74 /* Products */;
			projectDirPath = "";
			projectRoot = "";
			targets = (
				6C3E98E0214C5746009FDF74 /* dirpol */,
				6C3E98F4214C5748009FDF74 /* dirpolTests */,
				6C3E98FF214C5748009FDF74 /* dirpolUITests */,
			);
		};
/* End PBXProject section */

/* Begin PBXResourcesBuildPhase section */
		6C3E98DF214C5746009FDF74 /* Resources */ = {
			isa = PBXResourcesBuildPhase;
			buildActionMask = 2147483647;
			files = (
				FAC2C0502151810A00A74FA3 /* Localizable.strings in Resources */,
				FA9CD34D215739290032174B /* ViewMarcker.xib in Resources */,
				FA9850C02151D162002F143D /* Contacto.storyboard in Resources */,
				FAC2C0382150C04900A74FA3 /* Buscar.storyboard in Resources */,
				6C3E98EF214C5748009FDF74 /* LaunchScreen.storyboard in Resources */,
				6C3E98EC214C5748009FDF74 /* Assets.xcassets in Resources */,
				6C3E98EA214C5746009FDF74 /* Main.storyboard in Resources */,
			);
			runOnlyForDeploymentPostprocessing = 0;
		};
		6C3E98F3214C5748009FDF74 /* Resources */ = {
			isa = PBXResourcesBuildPhase;
			buildActionMask = 2147483647;
			files = (
			);
			runOnlyForDeploymentPostprocessing = 0;
		};
		6C3E98FE214C5748009FDF74 /* Resources */ = {
			isa = PBXResourcesBuildPhase;
			buildActionMask = 2147483647;
			files = (
			);
			runOnlyForDeploymentPostprocessing = 0;
		};
/* End PBXResourcesBuildPhase section */

/* Begin PBXShellScriptBuildPhase section */
		005C55028054479E87E9C404 /* [CP] Check Pods Manifest.lock */ = {
			isa = PBXShellScriptBuildPhase;
			buildActionMask = 2147483647;
			files = (
			);
			inputPaths = (
				"${PODS_PODFILE_DIR_PATH}/Podfile.lock",
				"${PODS_ROOT}/Manifest.lock",
			);
			name = "[CP] Check Pods Manifest.lock";
			outputPaths = (
				"$(DERIVED_FILE_DIR)/Pods-dirpolTests-checkManifestLockResult.txt",
			);
			runOnlyForDeploymentPostprocessing = 0;
			shellPath = /bin/sh;
			shellScript = "diff \"${PODS_PODFILE_DIR_PATH}/Podfile.lock\" \"${PODS_ROOT}/Manifest.lock\" > /dev/null\nif [ $? != 0 ] ; then\n    # print error to STDERR\n    echo \"error: The sandbox is not in sync with the Podfile.lock. Run 'pod install' or update your CocoaPods installation.\" >&2\n    exit 1\nfi\n# This output is used by Xcode 'outputs' to avoid re-running this script phase.\necho \"SUCCESS\" > \"${SCRIPT_OUTPUT_FILE_0}\"\n";
			showEnvVarsInLog = 0;
		};
		1048BA42538579B28DC569A0 /* [CP] Embed Pods Frameworks */ = {
			isa = PBXShellScriptBuildPhase;
			buildActionMask = 2147483647;
			files = (
			);
			inputPaths = (
				"${PODS_ROOT}/Target Support Files/Pods-dirpol/Pods-dirpol-frameworks.sh",
				"${BUILT_PRODUCTS_DIR}/Alamofire/Alamofire.framework",
				"${BUILT_PRODUCTS_DIR}/AlamofireObjectMapper/AlamofireObjectMapper.framework",
				"${BUILT_PRODUCTS_DIR}/ObjectMapper/ObjectMapper.framework",
				"${BUILT_PRODUCTS_DIR}/ReachabilitySwift/Reachability.framework",
				"${BUILT_PRODUCTS_DIR}/SVProgressHUD/SVProgressHUD.framework",
			);
			name = "[CP] Embed Pods Frameworks";
			outputPaths = (
				"${TARGET_BUILD_DIR}/${FRAMEWORKS_FOLDER_PATH}/Alamofire.framework",
				"${TARGET_BUILD_DIR}/${FRAMEWORKS_FOLDER_PATH}/AlamofireObjectMapper.framework",
				"${TARGET_BUILD_DIR}/${FRAMEWORKS_FOLDER_PATH}/ObjectMapper.framework",
				"${TARGET_BUILD_DIR}/${FRAMEWORKS_FOLDER_PATH}/Reachability.framework",
				"${TARGET_BUILD_DIR}/${FRAMEWORKS_FOLDER_PATH}/SVProgressHUD.framework",
			);
			runOnlyForDeploymentPostprocessing = 0;
			shellPath = /bin/sh;
			shellScript = "\"${PODS_ROOT}/Target Support Files/Pods-dirpol/Pods-dirpol-frameworks.sh\"\n";
			showEnvVarsInLog = 0;
		};
		48633A3BE2527BC18283602F /* [CP] Check Pods Manifest.lock */ = {
			isa = PBXShellScriptBuildPhase;
			buildActionMask = 2147483647;
			files = (
			);
			inputPaths = (
				"${PODS_PODFILE_DIR_PATH}/Podfile.lock",
				"${PODS_ROOT}/Manifest.lock",
			);
			name = "[CP] Check Pods Manifest.lock";
			outputPaths = (
				"$(DERIVED_FILE_DIR)/Pods-dirpol-checkManifestLockResult.txt",
			);
			runOnlyForDeploymentPostprocessing = 0;
			shellPath = /bin/sh;
			shellScript = "diff \"${PODS_PODFILE_DIR_PATH}/Podfile.lock\" \"${PODS_ROOT}/Manifest.lock\" > /dev/null\nif [ $? != 0 ] ; then\n    # print error to STDERR\n    echo \"error: The sandbox is not in sync with the Podfile.lock. Run 'pod install' or update your CocoaPods installation.\" >&2\n    exit 1\nfi\n# This output is used by Xcode 'outputs' to avoid re-running this script phase.\necho \"SUCCESS\" > \"${SCRIPT_OUTPUT_FILE_0}\"\n";
			showEnvVarsInLog = 0;
		};
		5968C523A17072C4B2DADD87 /* [CP] Check Pods Manifest.lock */ = {
			isa = PBXShellScriptBuildPhase;
			buildActionMask = 2147483647;
			files = (
			);
			inputPaths = (
				"${PODS_PODFILE_DIR_PATH}/Podfile.lock",
				"${PODS_ROOT}/Manifest.lock",
			);
			name = "[CP] Check Pods Manifest.lock";
			outputPaths = (
				"$(DERIVED_FILE_DIR)/Pods-dirpolUITests-checkManifestLockResult.txt",
			);
			runOnlyForDeploymentPostprocessing = 0;
			shellPath = /bin/sh;
			shellScript = "diff \"${PODS_PODFILE_DIR_PATH}/Podfile.lock\" \"${PODS_ROOT}/Manifest.lock\" > /dev/null\nif [ $? != 0 ] ; then\n    # print error to STDERR\n    echo \"error: The sandbox is not in sync with the Podfile.lock. Run 'pod install' or update your CocoaPods installation.\" >&2\n    exit 1\nfi\n# This output is used by Xcode 'outputs' to avoid re-running this script phase.\necho \"SUCCESS\" > \"${SCRIPT_OUTPUT_FILE_0}\"\n";
			showEnvVarsInLog = 0;
		};
		9E12CF58AF3417378321C289 /* [CP] Copy Pods Resources */ = {
			isa = PBXShellScriptBuildPhase;
			buildActionMask = 2147483647;
			files = (
			);
			inputPaths = (
				"${PODS_ROOT}/Target Support Files/Pods-dirpol/Pods-dirpol-resources.sh",
				"${PODS_ROOT}/GoogleMaps/Maps/Frameworks/GoogleMaps.framework/Resources/GoogleMaps.bundle",
			);
			name = "[CP] Copy Pods Resources";
			outputPaths = (
				"${TARGET_BUILD_DIR}/${UNLOCALIZED_RESOURCES_FOLDER_PATH}/GoogleMaps.bundle",
			);
			runOnlyForDeploymentPostprocessing = 0;
			shellPath = /bin/sh;
			shellScript = "\"${PODS_ROOT}/Target Support Files/Pods-dirpol/Pods-dirpol-resources.sh\"\n";
			showEnvVarsInLog = 0;
		};
/* End PBXShellScriptBuildPhase section */

/* Begin PBXSourcesBuildPhase section */
		6C3E98DD214C5746009FDF74 /* Sources */ = {
			isa = PBXSourcesBuildPhase;
			buildActionMask = 2147483647;
			files = (
				FAC2C03D2150C4E400A74FA3 /* ListadoTemaVC.swift in Sources */,
				FAC2C02B2150572800A74FA3 /* Constantes.swift in Sources */,
				FA9CD34F21573B340032174B /* ViewMarcker.swift in Sources */,
				FAC2C0272150333100A74FA3 /* Tema.swift in Sources */,
				FA9CD3532159EBB60032174B /* Utileria.swift in Sources */,
				FA43C658215CA0B400495E32 /* DetalleBAvanzadaVC.swift in Sources */,
				FA9850D4215565EC002F143D /* ModeloServicios.swift in Sources */,
				FAC2C04221517CFD00A74FA3 /* Textos.swift in Sources */,
				FA9CD355215B40420032174B /* ViewBusquedaDos.swift in Sources */,
				6C3E98E7214C5746009FDF74 /* ViewController.swift in Sources */,
				FA9850C22151D3FD002F143D /* AltoMandoPolicialVC.swift in Sources */,
				FAC2C0532151825E00A74FA3 /* InicioVC.swift in Sources */,
				FAC2C02D2150573200A74FA3 /* Variables.swift in Sources */,
				FA9850C621521EE2002F143D /* PanelUsuarioVC.swift in Sources */,
				FAC2C03F21514E8500A74FA3 /* MenuVC.swift in Sources */,
				FA9850D22153F1AE002F143D /* ViewProvInstitucion.swift in Sources */,
				FA9850C821529F8B002F143D /* DetalleBusquedaVC.swift in Sources */,
				FA9850CB2152D50C002F143D /* ViewRegionesMapa.swift in Sources */,
				FAC2C02F2150574400A74FA3 /* Metodos.swift in Sources */,
				FAC2C0362150828300A74FA3 /* IniciarSesionVC.swift in Sources */,
				FA9850D02153486D002F143D /* ViewDirectorio.swift in Sources */,
				FAC2C05A2151BF6700A74FA3 /* AcercaDeVC.swift in Sources */,
				FA9850CE215347B9002F143D /* ViewBusquedaUno.swift in Sources */,
				6C3E98E5214C5746009FDF74 /* AppDelegate.swift in Sources */,
				FAC2C0342150822B00A74FA3 /* RecuperarVC.swift in Sources */,
				FAC2C025215032FE00A74FA3 /* Extenciones.swift in Sources */,
				FAC2C03B2150C18700A74FA3 /* ContactoVC.swift in Sources */,
				FA9850C421521AF7002F143D /* BusquedaAvanzadaVC.swift in Sources */,
				FA43C655215C2C9700495E32 /* Servicios.swift in Sources */,
				FAC2C0572151A6DD00A74FA3 /* CellMenu.swift in Sources */,
				FAC2C0562151A6DD00A74FA3 /* CollMenu.swift in Sources */,
			);
			runOnlyForDeploymentPostprocessing = 0;
		};
		6C3E98F1214C5748009FDF74 /* Sources */ = {
			isa = PBXSourcesBuildPhase;
			buildActionMask = 2147483647;
			files = (
				6C3E98FA214C5748009FDF74 /* dirpolTests.swift in Sources */,
			);
			runOnlyForDeploymentPostprocessing = 0;
		};
		6C3E98FC214C5748009FDF74 /* Sources */ = {
			isa = PBXSourcesBuildPhase;
			buildActionMask = 2147483647;
			files = (
				6C3E9905214C5748009FDF74 /* dirpolUITests.swift in Sources */,
			);
			runOnlyForDeploymentPostprocessing = 0;
		};
/* End PBXSourcesBuildPhase section */

/* Begin PBXTargetDependency section */
		6C3E98F7214C5748009FDF74 /* PBXTargetDependency */ = {
			isa = PBXTargetDependency;
			target = 6C3E98E0214C5746009FDF74 /* dirpol */;
			targetProxy = 6C3E98F6214C5748009FDF74 /* PBXContainerItemProxy */;
		};
		6C3E9902214C5748009FDF74 /* PBXTargetDependency */ = {
			isa = PBXTargetDependency;
			target = 6C3E98E0214C5746009FDF74 /* dirpol */;
			targetProxy = 6C3E9901214C5748009FDF74 /* PBXContainerItemProxy */;
		};
/* End PBXTargetDependency section */

/* Begin PBXVariantGroup section */
		6C3E98E8214C5746009FDF74 /* Main.storyboard */ = {
			isa = PBXVariantGroup;
			children = (
				6C3E98E9214C5746009FDF74 /* Base */,
				FAC2C04C215180AD00A74FA3 /* es-419 */,
			);
			name = Main.storyboard;
			sourceTree = "<group>";
		};
		6C3E98ED214C5748009FDF74 /* LaunchScreen.storyboard */ = {
			isa = PBXVariantGroup;
			children = (
				6C3E98EE214C5748009FDF74 /* Base */,
				FAC2C04D215180AD00A74FA3 /* es-419 */,
			);
			name = LaunchScreen.storyboard;
			sourceTree = "<group>";
		};
		FAC2C04E2151810A00A74FA3 /* Localizable.strings */ = {
			isa = PBXVariantGroup;
			children = (
				FAC2C04F2151810A00A74FA3 /* Base */,
			);
			name = Localizable.strings;
			sourceTree = "<group>";
		};
/* End PBXVariantGroup section */

/* Begin XCBuildConfiguration section */
		6C3E9907214C5748009FDF74 /* Debug */ = {
			isa = XCBuildConfiguration;
			buildSettings = {
				ALWAYS_SEARCH_USER_PATHS = NO;
				CLANG_ANALYZER_NONNULL = YES;
				CLANG_ANALYZER_NUMBER_OBJECT_CONVERSION = YES_AGGRESSIVE;
				CLANG_CXX_LANGUAGE_STANDARD = "gnu++14";
				CLANG_CXX_LIBRARY = "libc++";
				CLANG_ENABLE_MODULES = YES;
				CLANG_ENABLE_OBJC_ARC = YES;
				CLANG_ENABLE_OBJC_WEAK = YES;
				CLANG_WARN_BLOCK_CAPTURE_AUTORELEASING = YES;
				CLANG_WARN_BOOL_CONVERSION = YES;
				CLANG_WARN_COMMA = YES;
				CLANG_WARN_CONSTANT_CONVERSION = YES;
				CLANG_WARN_DEPRECATED_OBJC_IMPLEMENTATIONS = YES;
				CLANG_WARN_DIRECT_OBJC_ISA_USAGE = YES_ERROR;
				CLANG_WARN_DOCUMENTATION_COMMENTS = YES;
				CLANG_WARN_EMPTY_BODY = YES;
				CLANG_WARN_ENUM_CONVERSION = YES;
				CLANG_WARN_INFINITE_RECURSION = YES;
				CLANG_WARN_INT_CONVERSION = YES;
				CLANG_WARN_NON_LITERAL_NULL_CONVERSION = YES;
				CLANG_WARN_OBJC_IMPLICIT_RETAIN_SELF = YES;
				CLANG_WARN_OBJC_LITERAL_CONVERSION = YES;
				CLANG_WARN_OBJC_ROOT_CLASS = YES_ERROR;
				CLANG_WARN_RANGE_LOOP_ANALYSIS = YES;
				CLANG_WARN_STRICT_PROTOTYPES = YES;
				CLANG_WARN_SUSPICIOUS_MOVE = YES;
				CLANG_WARN_UNGUARDED_AVAILABILITY = YES_AGGRESSIVE;
				CLANG_WARN_UNREACHABLE_CODE = YES;
				CLANG_WARN__DUPLICATE_METHOD_MATCH = YES;
				CODE_SIGN_IDENTITY = "iPhone Developer";
				COPY_PHASE_STRIP = NO;
				DEBUG_INFORMATION_FORMAT = dwarf;
				ENABLE_STRICT_OBJC_MSGSEND = YES;
				ENABLE_TESTABILITY = YES;
				GCC_C_LANGUAGE_STANDARD = gnu11;
				GCC_DYNAMIC_NO_PIC = NO;
				GCC_NO_COMMON_BLOCKS = YES;
				GCC_OPTIMIZATION_LEVEL = 0;
				GCC_PREPROCESSOR_DEFINITIONS = (
					"DEBUG=1",
					"$(inherited)",
				);
				GCC_WARN_64_TO_32_BIT_CONVERSION = YES;
				GCC_WARN_ABOUT_RETURN_TYPE = YES_ERROR;
				GCC_WARN_UNDECLARED_SELECTOR = YES;
				GCC_WARN_UNINITIALIZED_AUTOS = YES_AGGRESSIVE;
				GCC_WARN_UNUSED_FUNCTION = YES;
				GCC_WARN_UNUSED_VARIABLE = YES;
				IPHONEOS_DEPLOYMENT_TARGET = 11.4;
				MTL_ENABLE_DEBUG_INFO = YES;
				ONLY_ACTIVE_ARCH = YES;
				SDKROOT = iphoneos;
				SWIFT_ACTIVE_COMPILATION_CONDITIONS = DEBUG;
				SWIFT_OPTIMIZATION_LEVEL = "-Onone";
			};
			name = Debug;
		};
		6C3E9908214C5748009FDF74 /* Release */ = {
			isa = XCBuildConfiguration;
			buildSettings = {
				ALWAYS_SEARCH_USER_PATHS = NO;
				CLANG_ANALYZER_NONNULL = YES;
				CLANG_ANALYZER_NUMBER_OBJECT_CONVERSION = YES_AGGRESSIVE;
				CLANG_CXX_LANGUAGE_STANDARD = "gnu++14";
				CLANG_CXX_LIBRARY = "libc++";
				CLANG_ENABLE_MODULES = YES;
				CLANG_ENABLE_OBJC_ARC = YES;
				CLANG_ENABLE_OBJC_WEAK = YES;
				CLANG_WARN_BLOCK_CAPTURE_AUTORELEASING = YES;
				CLANG_WARN_BOOL_CONVERSION = YES;
				CLANG_WARN_COMMA = YES;
				CLANG_WARN_CONSTANT_CONVERSION = YES;
				CLANG_WARN_DEPRECATED_OBJC_IMPLEMENTATIONS = YES;
				CLANG_WARN_DIRECT_OBJC_ISA_USAGE = YES_ERROR;
				CLANG_WARN_DOCUMENTATION_COMMENTS = YES;
				CLANG_WARN_EMPTY_BODY = YES;
				CLANG_WARN_ENUM_CONVERSION = YES;
				CLANG_WARN_INFINITE_RECURSION = YES;
				CLANG_WARN_INT_CONVERSION = YES;
				CLANG_WARN_NON_LITERAL_NULL_CONVERSION = YES;
				CLANG_WARN_OBJC_IMPLICIT_RETAIN_SELF = YES;
				CLANG_WARN_OBJC_LITERAL_CONVERSION = YES;
				CLANG_WARN_OBJC_ROOT_CLASS = YES_ERROR;
				CLANG_WARN_RANGE_LOOP_ANALYSIS = YES;
				CLANG_WARN_STRICT_PROTOTYPES = YES;
				CLANG_WARN_SUSPICIOUS_MOVE = YES;
				CLANG_WARN_UNGUARDED_AVAILABILITY = YES_AGGRESSIVE;
				CLANG_WARN_UNREACHABLE_CODE = YES;
				CLANG_WARN__DUPLICATE_METHOD_MATCH = YES;
				CODE_SIGN_IDENTITY = "iPhone Developer";
				COPY_PHASE_STRIP = NO;
				DEBUG_INFORMATION_FORMAT = "dwarf-with-dsym";
				ENABLE_NS_ASSERTIONS = NO;
				ENABLE_STRICT_OBJC_MSGSEND = YES;
				GCC_C_LANGUAGE_STANDARD = gnu11;
				GCC_NO_COMMON_BLOCKS = YES;
				GCC_WARN_64_TO_32_BIT_CONVERSION = YES;
				GCC_WARN_ABOUT_RETURN_TYPE = YES_ERROR;
				GCC_WARN_UNDECLARED_SELECTOR = YES;
				GCC_WARN_UNINITIALIZED_AUTOS = YES_AGGRESSIVE;
				GCC_WARN_UNUSED_FUNCTION = YES;
				GCC_WARN_UNUSED_VARIABLE = YES;
				IPHONEOS_DEPLOYMENT_TARGET = 11.4;
				MTL_ENABLE_DEBUG_INFO = NO;
				SDKROOT = iphoneos;
				SWIFT_COMPILATION_MODE = wholemodule;
				SWIFT_OPTIMIZATION_LEVEL = "-O";
				VALIDATE_PRODUCT = YES;
			};
			name = Release;
		};
		6C3E990A214C5748009FDF74 /* Debug */ = {
			isa = XCBuildConfiguration;
			baseConfigurationReference = 42280B81768CDC12E7BFC9C1 /* Pods-dirpol.debug.xcconfig */;
			buildSettings = {
				ASSETCATALOG_COMPILER_APPICON_NAME = AppIcon;
				CODE_SIGN_STYLE = Automatic;
				DEVELOPMENT_TEAM = XYEE79Z2JZ;
				INFOPLIST_FILE = dirpol/Info.plist;
				IPHONEOS_DEPLOYMENT_TARGET = 12.0;
				LD_RUNPATH_SEARCH_PATHS = (
					"$(inherited)",
					"@executable_path/Frameworks",
				);
				PRODUCT_BUNDLE_IDENTIFIER = com.gravittas.dirpol;
				PRODUCT_NAME = DIRPOL;
				SWIFT_VERSION = 4.0;
				TARGETED_DEVICE_FAMILY = 1;
			};
			name = Debug;
		};
		6C3E990B214C5748009FDF74 /* Release */ = {
			isa = XCBuildConfiguration;
			baseConfigurationReference = 80A7DDB1983A89542503EA9E /* Pods-dirpol.release.xcconfig */;
			buildSettings = {
				ASSETCATALOG_COMPILER_APPICON_NAME = AppIcon;
				CODE_SIGN_STYLE = Automatic;
				DEVELOPMENT_TEAM = XYEE79Z2JZ;
				INFOPLIST_FILE = dirpol/Info.plist;
				IPHONEOS_DEPLOYMENT_TARGET = 12.0;
				LD_RUNPATH_SEARCH_PATHS = (
					"$(inherited)",
					"@executable_path/Frameworks",
				);
				PRODUCT_BUNDLE_IDENTIFIER = com.gravittas.dirpol;
				PRODUCT_NAME = DIRPOL;
				SWIFT_VERSION = 4.0;
				TARGETED_DEVICE_FAMILY = 1;
			};
			name = Release;
		};
		6C3E990D214C5748009FDF74 /* Debug */ = {
			isa = XCBuildConfiguration;
			baseConfigurationReference = 23E12D3A3BDCA4A915FCC1D7 /* Pods-dirpolTests.debug.xcconfig */;
			buildSettings = {
				ALWAYS_EMBED_SWIFT_STANDARD_LIBRARIES = YES;
				BUNDLE_LOADER = "$(TEST_HOST)";
				CODE_SIGN_STYLE = Automatic;
				DEVELOPMENT_TEAM = XYEE79Z2JZ;
				INFOPLIST_FILE = dirpolTests/Info.plist;
				LD_RUNPATH_SEARCH_PATHS = (
					"$(inherited)",
					"@executable_path/Frameworks",
					"@loader_path/Frameworks",
				);
				PRODUCT_BUNDLE_IDENTIFIER = com.gravittas.dirpolTests;
				PRODUCT_NAME = "$(TARGET_NAME)";
				SWIFT_VERSION = 4.0;
				TARGETED_DEVICE_FAMILY = "1,2";
				TEST_HOST = "$(BUILT_PRODUCTS_DIR)/dirpol.app/dirpol";
			};
			name = Debug;
		};
		6C3E990E214C5748009FDF74 /* Release */ = {
			isa = XCBuildConfiguration;
			baseConfigurationReference = 941BF69C99F0BEBE1A6A5C01 /* Pods-dirpolTests.release.xcconfig */;
			buildSettings = {
				ALWAYS_EMBED_SWIFT_STANDARD_LIBRARIES = YES;
				BUNDLE_LOADER = "$(TEST_HOST)";
				CODE_SIGN_STYLE = Automatic;
				DEVELOPMENT_TEAM = XYEE79Z2JZ;
				INFOPLIST_FILE = dirpolTests/Info.plist;
				LD_RUNPATH_SEARCH_PATHS = (
					"$(inherited)",
					"@executable_path/Frameworks",
					"@loader_path/Frameworks",
				);
				PRODUCT_BUNDLE_IDENTIFIER = com.gravittas.dirpolTests;
				PRODUCT_NAME = "$(TARGET_NAME)";
				SWIFT_VERSION = 4.0;
				TARGETED_DEVICE_FAMILY = "1,2";
				TEST_HOST = "$(BUILT_PRODUCTS_DIR)/dirpol.app/dirpol";
			};
			name = Release;
		};
		6C3E9910214C5748009FDF74 /* Debug */ = {
			isa = XCBuildConfiguration;
			baseConfigurationReference = E5AE02951DD073885AB2F2FE /* Pods-dirpolUITests.debug.xcconfig */;
			buildSettings = {
				ALWAYS_EMBED_SWIFT_STANDARD_LIBRARIES = YES;
				CODE_SIGN_STYLE = Automatic;
				DEVELOPMENT_TEAM = XYEE79Z2JZ;
				INFOPLIST_FILE = dirpolUITests/Info.plist;
				LD_RUNPATH_SEARCH_PATHS = (
					"$(inherited)",
					"@executable_path/Frameworks",
					"@loader_path/Frameworks",
				);
				PRODUCT_BUNDLE_IDENTIFIER = com.gravittas.dirpolUITests;
				PRODUCT_NAME = "$(TARGET_NAME)";
				SWIFT_VERSION = 4.0;
				TARGETED_DEVICE_FAMILY = "1,2";
				TEST_TARGET_NAME = dirpol;
			};
			name = Debug;
		};
		6C3E9911214C5748009FDF74 /* Release */ = {
			isa = XCBuildConfiguration;
			baseConfigurationReference = 21AD99D1E4FB36CE559D3E08 /* Pods-dirpolUITests.release.xcconfig */;
			buildSettings = {
				ALWAYS_EMBED_SWIFT_STANDARD_LIBRARIES = YES;
				CODE_SIGN_STYLE = Automatic;
				DEVELOPMENT_TEAM = XYEE79Z2JZ;
				INFOPLIST_FILE = dirpolUITests/Info.plist;
				LD_RUNPATH_SEARCH_PATHS = (
					"$(inherited)",
					"@executable_path/Frameworks",
					"@loader_path/Frameworks",
				);
				PRODUCT_BUNDLE_IDENTIFIER = com.gravittas.dirpolUITests;
				PRODUCT_NAME = "$(TARGET_NAME)";
				SWIFT_VERSION = 4.0;
				TARGETED_DEVICE_FAMILY = "1,2";
				TEST_TARGET_NAME = dirpol;
			};
			name = Release;
		};
/* End XCBuildConfiguration section */

/* Begin XCConfigurationList section */
		6C3E98DC214C5746009FDF74 /* Build configuration list for PBXProject "dirpol" */ = {
			isa = XCConfigurationList;
			buildConfigurations = (
				6C3E9907214C5748009FDF74 /* Debug */,
				6C3E9908214C5748009FDF74 /* Release */,
			);
			defaultConfigurationIsVisible = 0;
			defaultConfigurationName = Release;
		};
		6C3E9909214C5748009FDF74 /* Build configuration list for PBXNativeTarget "dirpol" */ = {
			isa = XCConfigurationList;
			buildConfigurations = (
				6C3E990A214C5748009FDF74 /* Debug */,
				6C3E990B214C5748009FDF74 /* Release */,
			);
			defaultConfigurationIsVisible = 0;
			defaultConfigurationName = Release;
		};
		6C3E990C214C5748009FDF74 /* Build configuration list for PBXNativeTarget "dirpolTests" */ = {
			isa = XCConfigurationList;
			buildConfigurations = (
				6C3E990D214C5748009FDF74 /* Debug */,
				6C3E990E214C5748009FDF74 /* Release */,
			);
			defaultConfigurationIsVisible = 0;
			defaultConfigurationName = Release;
		};
		6C3E990F214C5748009FDF74 /* Build configuration list for PBXNativeTarget "dirpolUITests" */ = {
			isa = XCConfigurationList;
			buildConfigurations = (
				6C3E9910214C5748009FDF74 /* Debug */,
				6C3E9911214C5748009FDF74 /* Release */,
			);
			defaultConfigurationIsVisible = 0;
			defaultConfigurationName = Release;
		};
/* End XCConfigurationList section */
	};
	rootObject = 6C3E98D9214C5746009FDF74 /* Project object */;
}
